{
  "version": 4,
  "terraform_version": "1.0.3",
  "serial": 61,
  "lineage": "c5b7b813-ef0b-c0ef-e50a-0c987ac9bc44",
  "outputs": {},
  "resources": [
    {
      "mode": "data",
      "type": "aws_availability_zones",
      "name": "available",
      "provider": "provider[\"registry.terraform.io/hashicorp/aws\"]",
      "instances": [
        {
          "schema_version": 0,
          "attributes": {
            "all_availability_zones": null,
            "exclude_names": null,
            "exclude_zone_ids": null,
            "filter": null,
            "group_names": [
              "ap-northeast-2"
            ],
            "id": "ap-northeast-2",
            "names": [
              "ap-northeast-2a",
              "ap-northeast-2b",
              "ap-northeast-2c",
              "ap-northeast-2d"
            ],
            "state": null,
            "zone_ids": [
              "apne2-az1",
              "apne2-az2",
              "apne2-az3",
              "apne2-az4"
            ]
          },
          "sensitive_attributes": []
        }
      ]
    },
    {
      "mode": "data",
      "type": "aws_caller_identity",
      "name": "current",
      "provider": "provider[\"registry.terraform.io/hashicorp/aws\"]",
      "instances": [
        {
          "schema_version": 0,
          "attributes": {
            "account_id": "740320335608",
            "arn": "arn:aws:iam::740320335608:user/iam-user",
            "id": "740320335608",
            "user_id": "AIDA2YXUH234N2F45DTOG"
          },
          "sensitive_attributes": []
        }
      ]
    },
    {
      "mode": "data",
      "type": "aws_iam_policy_document",
      "name": "demo-artifacts-kms-policy",
      "provider": "provider[\"registry.terraform.io/hashicorp/aws\"]",
      "instances": [
        {
          "schema_version": 0,
          "attributes": {
            "id": "1936387241",
            "json": "{\n  \"Version\": \"2012-10-17\",\n  \"Id\": \"key-default-1\",\n  \"Statement\": [\n    {\n      \"Sid\": \"Enable IAM User Permissions\",\n      \"Effect\": \"Allow\",\n      \"Action\": \"kms:*\",\n      \"Resource\": \"*\",\n      \"Principal\": {\n        \"AWS\": \"arn:aws:iam::740320335608:root\"\n      }\n    }\n  ]\n}",
            "override_json": null,
            "override_policy_documents": null,
            "policy_id": "key-default-1",
            "source_json": null,
            "source_policy_documents": null,
            "statement": [
              {
                "actions": [
                  "kms:*"
                ],
                "condition": [],
                "effect": "Allow",
                "not_actions": [],
                "not_principals": [],
                "not_resources": [],
                "principals": [
                  {
                    "identifiers": [
                      "arn:aws:iam::740320335608:root"
                    ],
                    "type": "AWS"
                  }
                ],
                "resources": [
                  "*"
                ],
                "sid": "Enable IAM User Permissions"
              }
            ],
            "version": "2012-10-17"
          },
          "sensitive_attributes": []
        }
      ]
    },
    {
      "mode": "data",
      "type": "aws_iam_policy_document",
      "name": "demo-codedeploy-role-policy",
      "provider": "provider[\"registry.terraform.io/hashicorp/aws\"]",
      "instances": [
        {
          "schema_version": 0,
          "attributes": {
            "id": "3018579003",
            "json": "{\n  \"Version\": \"2012-10-17\",\n  \"Statement\": [\n    {\n      \"Sid\": \"\",\n      \"Effect\": \"Allow\",\n      \"Action\": [\n        \"sns:Publish\",\n        \"s3:GetObjectVersion\",\n        \"s3:GetObject\",\n        \"lambda:InvokeFunction\",\n        \"elasticloadbalancing:ModifyRule\",\n        \"elasticloadbalancing:ModifyListener\",\n        \"elasticloadbalancing:DescribeTargetGroups\",\n        \"elasticloadbalancing:DescribeRules\",\n        \"elasticloadbalancing:DescribeListeners\",\n        \"ecs:UpdateServicePrimaryTaskSet\",\n        \"ecs:DescribeServices\",\n        \"ecs:DeleteTaskSet\",\n        \"ecs:CreateTaskSet\",\n        \"cloudwatch:DescribeAlarms\"\n      ],\n      \"Resource\": \"*\"\n    },\n    {\n      \"Sid\": \"\",\n      \"Effect\": \"Allow\",\n      \"Action\": \"s3:Get*\",\n      \"Resource\": \"arn:aws:s3:::demo-artifacts-wvdts333/*\"\n    },\n    {\n      \"Sid\": \"\",\n      \"Effect\": \"Allow\",\n      \"Action\": [\n        \"kms:DescribeKey\",\n        \"kms:Decrypt\"\n      ],\n      \"Resource\": \"arn:aws:kms:ap-northeast-2:740320335608:key/b844c081-ca89-4368-940b-672ccb9e6697\"\n    },\n    {\n      \"Sid\": \"\",\n      \"Effect\": \"Allow\",\n      \"Action\": \"iam:PassRole\",\n      \"Resource\": [\n        \"arn:aws:iam::740320335608:role/ecs-task-execution-role\",\n        \"arn:aws:iam::740320335608:role/ecs-demo-task-role\"\n      ],\n      \"Condition\": {\n        \"StringLike\": {\n          \"iam:PassedToService\": [\n            \"ecs-tasks.amazonaws.com\"\n          ]\n        }\n      }\n    }\n  ]\n}",
            "override_json": null,
            "override_policy_documents": null,
            "policy_id": null,
            "source_json": null,
            "source_policy_documents": null,
            "statement": [
              {
                "actions": [
                  "cloudwatch:DescribeAlarms",
                  "ecs:CreateTaskSet",
                  "ecs:DeleteTaskSet",
                  "ecs:DescribeServices",
                  "ecs:UpdateServicePrimaryTaskSet",
                  "elasticloadbalancing:DescribeListeners",
                  "elasticloadbalancing:DescribeRules",
                  "elasticloadbalancing:DescribeTargetGroups",
                  "elasticloadbalancing:ModifyListener",
                  "elasticloadbalancing:ModifyRule",
                  "lambda:InvokeFunction",
                  "s3:GetObject",
                  "s3:GetObjectVersion",
                  "sns:Publish"
                ],
                "condition": [],
                "effect": "Allow",
                "not_actions": [],
                "not_principals": [],
                "not_resources": [],
                "principals": [],
                "resources": [
                  "*"
                ],
                "sid": ""
              },
              {
                "actions": [
                  "s3:Get*"
                ],
                "condition": [],
                "effect": "Allow",
                "not_actions": [],
                "not_principals": [],
                "not_resources": [],
                "principals": [],
                "resources": [
                  "arn:aws:s3:::demo-artifacts-wvdts333/*"
                ],
                "sid": ""
              },
              {
                "actions": [
                  "kms:Decrypt",
                  "kms:DescribeKey"
                ],
                "condition": [],
                "effect": "Allow",
                "not_actions": [],
                "not_principals": [],
                "not_resources": [],
                "principals": [],
                "resources": [
                  "arn:aws:kms:ap-northeast-2:740320335608:key/b844c081-ca89-4368-940b-672ccb9e6697"
                ],
                "sid": ""
              },
              {
                "actions": [
                  "iam:PassRole"
                ],
                "condition": [
                  {
                    "test": "StringLike",
                    "values": [
                      "ecs-tasks.amazonaws.com"
                    ],
                    "variable": "iam:PassedToService"
                  }
                ],
                "effect": "Allow",
                "not_actions": [],
                "not_principals": [],
                "not_resources": [],
                "principals": [],
                "resources": [
                  "arn:aws:iam::740320335608:role/ecs-demo-task-role",
                  "arn:aws:iam::740320335608:role/ecs-task-execution-role"
                ],
                "sid": ""
              }
            ],
            "version": "2012-10-17"
          },
          "sensitive_attributes": []
        }
      ]
    },
    {
      "mode": "data",
      "type": "aws_iam_policy_document",
      "name": "demo-codepipeline-role-policy",
      "provider": "provider[\"registry.terraform.io/hashicorp/aws\"]",
      "instances": [
        {
          "schema_version": 0,
          "attributes": {
            "id": "413340553",
            "json": "{\n  \"Version\": \"2012-10-17\",\n  \"Statement\": [\n    {\n      \"Sid\": \"\",\n      \"Effect\": \"Allow\",\n      \"Action\": \"s3:*\",\n      \"Resource\": [\n        \"arn:aws:s3:::demo-artifacts-wvdts333/*\",\n        \"arn:aws:s3:::demo-artifacts-wvdts333\"\n      ]\n    },\n    {\n      \"Sid\": \"\",\n      \"Effect\": \"Allow\",\n      \"Action\": [\n        \"codebuild:StartBuild\",\n        \"codebuild:BatchGetBuilds\"\n      ],\n      \"Resource\": \"*\"\n    },\n    {\n      \"Sid\": \"\",\n      \"Effect\": \"Allow\",\n      \"Action\": \"sts:AssumeRole\",\n      \"Resource\": \"arn:aws:iam::740320335608:role/demo-codepipeline\"\n    },\n    {\n      \"Sid\": \"\",\n      \"Effect\": \"Allow\",\n      \"Action\": [\n        \"kms:ReEncrypt*\",\n        \"kms:GenerateDataKey*\",\n        \"kms:Encrypt\",\n        \"kms:DescribeKey\",\n        \"kms:Decrypt\"\n      ],\n      \"Resource\": \"arn:aws:kms:ap-northeast-2:740320335608:key/b844c081-ca89-4368-940b-672ccb9e6697\"\n    },\n    {\n      \"Sid\": \"\",\n      \"Effect\": \"Allow\",\n      \"Action\": [\n        \"codecommit:UploadArchive\",\n        \"codecommit:GitPull\",\n        \"codecommit:Get*\",\n        \"codecommit:Describe*\",\n        \"codecommit:BatchGet*\",\n        \"codecommit:BatchDescribe*\"\n      ],\n      \"Resource\": \"arn:aws:codecommit:ap-northeast-2:740320335608:demo\"\n    },\n    {\n      \"Sid\": \"\",\n      \"Effect\": \"Allow\",\n      \"Action\": [\n        \"ecs:*\",\n        \"codedeploy:*\"\n      ],\n      \"Resource\": \"*\"\n    },\n    {\n      \"Sid\": \"\",\n      \"Effect\": \"Allow\",\n      \"Action\": \"iam:PassRole\",\n      \"Resource\": [\n        \"arn:aws:iam::740320335608:role/ecs-task-execution-role\",\n        \"arn:aws:iam::740320335608:role/ecs-demo-task-role\"\n      ],\n      \"Condition\": {\n        \"StringLike\": {\n          \"iam:PassedToService\": [\n            \"ecs-tasks.amazonaws.com\"\n          ]\n        }\n      }\n    }\n  ]\n}",
            "override_json": null,
            "override_policy_documents": null,
            "policy_id": null,
            "source_json": null,
            "source_policy_documents": null,
            "statement": [
              {
                "actions": [
                  "s3:*"
                ],
                "condition": [],
                "effect": "Allow",
                "not_actions": [],
                "not_principals": [],
                "not_resources": [],
                "principals": [],
                "resources": [
                  "arn:aws:s3:::demo-artifacts-wvdts333",
                  "arn:aws:s3:::demo-artifacts-wvdts333/*"
                ],
                "sid": ""
              },
              {
                "actions": [
                  "codebuild:BatchGetBuilds",
                  "codebuild:StartBuild"
                ],
                "condition": [],
                "effect": "Allow",
                "not_actions": [],
                "not_principals": [],
                "not_resources": [],
                "principals": [],
                "resources": [
                  "*"
                ],
                "sid": ""
              },
              {
                "actions": [
                  "sts:AssumeRole"
                ],
                "condition": [],
                "effect": "Allow",
                "not_actions": [],
                "not_principals": [],
                "not_resources": [],
                "principals": [],
                "resources": [
                  "arn:aws:iam::740320335608:role/demo-codepipeline"
                ],
                "sid": ""
              },
              {
                "actions": [
                  "kms:Decrypt",
                  "kms:DescribeKey",
                  "kms:Encrypt",
                  "kms:GenerateDataKey*",
                  "kms:ReEncrypt*"
                ],
                "condition": [],
                "effect": "Allow",
                "not_actions": [],
                "not_principals": [],
                "not_resources": [],
                "principals": [],
                "resources": [
                  "arn:aws:kms:ap-northeast-2:740320335608:key/b844c081-ca89-4368-940b-672ccb9e6697"
                ],
                "sid": ""
              },
              {
                "actions": [
                  "codecommit:BatchDescribe*",
                  "codecommit:BatchGet*",
                  "codecommit:Describe*",
                  "codecommit:Get*",
                  "codecommit:GitPull",
                  "codecommit:UploadArchive"
                ],
                "condition": [],
                "effect": "Allow",
                "not_actions": [],
                "not_principals": [],
                "not_resources": [],
                "principals": [],
                "resources": [
                  "arn:aws:codecommit:ap-northeast-2:740320335608:demo"
                ],
                "sid": ""
              },
              {
                "actions": [
                  "codedeploy:*",
                  "ecs:*"
                ],
                "condition": [],
                "effect": "Allow",
                "not_actions": [],
                "not_principals": [],
                "not_resources": [],
                "principals": [],
                "resources": [
                  "*"
                ],
                "sid": ""
              },
              {
                "actions": [
                  "iam:PassRole"
                ],
                "condition": [
                  {
                    "test": "StringLike",
                    "values": [
                      "ecs-tasks.amazonaws.com"
                    ],
                    "variable": "iam:PassedToService"
                  }
                ],
                "effect": "Allow",
                "not_actions": [],
                "not_principals": [],
                "not_resources": [],
                "principals": [],
                "resources": [
                  "arn:aws:iam::740320335608:role/ecs-demo-task-role",
                  "arn:aws:iam::740320335608:role/ecs-task-execution-role"
                ],
                "sid": ""
              }
            ],
            "version": "2012-10-17"
          },
          "sensitive_attributes": []
        }
      ]
    },
    {
      "mode": "managed",
      "type": "aws_cloudwatch_log_group",
      "name": "demo",
      "provider": "provider[\"registry.terraform.io/hashicorp/aws\"]",
      "instances": [
        {
          "schema_version": 0,
          "attributes": {
            "arn": "arn:aws:logs:ap-northeast-2:740320335608:log-group:demo",
            "id": "demo",
            "kms_key_id": "",
            "name": "demo",
            "name_prefix": null,
            "retention_in_days": 0,
            "tags": {},
            "tags_all": {}
          },
          "sensitive_attributes": [],
          "private": "bnVsbA=="
        }
      ]
    },
    {
      "mode": "managed",
      "type": "aws_codebuild_project",
      "name": "demo",
      "provider": "provider[\"registry.terraform.io/hashicorp/aws\"]",
      "instances": [
        {
          "schema_version": 0,
          "attributes": {
            "arn": "arn:aws:codebuild:ap-northeast-2:740320335608:project/demo-docker-build",
            "artifacts": [
              {
                "artifact_identifier": "",
                "encryption_disabled": false,
                "location": "",
                "name": "demo-docker-build",
                "namespace_type": "",
                "override_artifact_name": false,
                "packaging": "NONE",
                "path": "",
                "type": "CODEPIPELINE"
              }
            ],
            "badge_enabled": false,
            "badge_url": "",
            "build_batch_config": [],
            "build_timeout": 30,
            "cache": [
              {
                "location": "",
                "modes": [],
                "type": "NO_CACHE"
              }
            ],
            "concurrent_build_limit": 0,
            "description": "demo docker build",
            "encryption_key": "arn:aws:kms:ap-northeast-2:740320335608:alias/demo-artifacts",
            "environment": [
              {
                "certificate": "",
                "compute_type": "BUILD_GENERAL1_SMALL",
                "environment_variable": [
                  {
                    "name": "AWS_DEFAULT_REGION",
                    "type": "PLAINTEXT",
                    "value": "ap-northeast-2"
                  },
                  {
                    "name": "AWS_ACCOUNT_ID",
                    "type": "PLAINTEXT",
                    "value": "740320335608"
                  },
                  {
                    "name": "IMAGE_REPO_NAME",
                    "type": "PLAINTEXT",
                    "value": "demo"
                  },
                  {
                    "name": "IMAGE_PHP_FPM_NAME",
                    "type": "PLAINTEXT",
                    "value": "demo/php-fpm"
                  },
                  {
                    "name": "IMAGE_NGINX_NAME",
                    "type": "PLAINTEXT",
                    "value": "demo/nginx"
                  }
                ],
                "image": "aws/codebuild/docker:18.09.0",
                "image_pull_credentials_type": "CODEBUILD",
                "privileged_mode": true,
                "registry_credential": [],
                "type": "LINUX_CONTAINER"
              }
            ],
            "file_system_locations": [],
            "id": "arn:aws:codebuild:ap-northeast-2:740320335608:project/demo-docker-build",
            "logs_config": [
              {
                "cloudwatch_logs": [
                  {
                    "group_name": "",
                    "status": "ENABLED",
                    "stream_name": ""
                  }
                ],
                "s3_logs": [
                  {
                    "encryption_disabled": false,
                    "location": "",
                    "status": "DISABLED"
                  }
                ]
              }
            ],
            "name": "demo-docker-build",
            "queued_timeout": 480,
            "secondary_artifacts": [],
            "secondary_sources": [],
            "service_role": "arn:aws:iam::740320335608:role/demo-codebuild",
            "source": [
              {
                "auth": [],
                "build_status_config": [],
                "buildspec": "buildspec.yml",
                "git_clone_depth": 0,
                "git_submodules_config": [],
                "insecure_ssl": false,
                "location": "",
                "report_build_status": false,
                "type": "CODEPIPELINE"
              }
            ],
            "source_version": "",
            "tags": {},
            "tags_all": {},
            "vpc_config": []
          },
          "sensitive_attributes": [],
          "private": "bnVsbA==",
          "dependencies": [
            "data.aws_caller_identity.current",
            "data.aws_iam_policy_document.demo-artifacts-kms-policy",
            "aws_ecr_repository.demo",
            "aws_ecr_repository.demo_nginx",
            "aws_ecr_repository.demo_php_fpm",
            "aws_iam_role.demo-codebuild",
            "aws_kms_alias.demo-artifacts",
            "aws_kms_key.demo-artifacts"
          ]
        }
      ]
    },
    {
      "mode": "managed",
      "type": "aws_codecommit_repository",
      "name": "demo",
      "provider": "provider[\"registry.terraform.io/hashicorp/aws\"]",
      "instances": [
        {
          "schema_version": 0,
          "attributes": {
            "arn": "arn:aws:codecommit:ap-northeast-2:740320335608:demo",
            "clone_url_http": "https://git-codecommit.ap-northeast-2.amazonaws.com/v1/repos/demo",
            "clone_url_ssh": "ssh://git-codecommit.ap-northeast-2.amazonaws.com/v1/repos/demo",
            "default_branch": null,
            "description": "This is the demo repository",
            "id": "demo",
            "repository_id": "cac61473-a86a-4262-8384-7fdb488af6cf",
            "repository_name": "demo",
            "tags": {},
            "tags_all": {}
          },
          "sensitive_attributes": [],
          "private": "bnVsbA=="
        }
      ]
    },
    {
      "mode": "managed",
      "type": "aws_codedeploy_app",
      "name": "demo",
      "provider": "provider[\"registry.terraform.io/hashicorp/aws\"]",
      "instances": [
        {
          "schema_version": 0,
          "attributes": {
            "application_id": "1a866a02-86a1-47d1-a730-b16a89b0a959",
            "arn": "arn:aws:codedeploy:ap-northeast-2:740320335608:application:demo",
            "compute_platform": "ECS",
            "github_account_name": "",
            "id": "1a866a02-86a1-47d1-a730-b16a89b0a959:demo",
            "linked_to_github": false,
            "name": "demo",
            "tags": {},
            "tags_all": {}
          },
          "sensitive_attributes": [],
          "private": "bnVsbA=="
        }
      ]
    },
    {
      "mode": "managed",
      "type": "aws_codedeploy_deployment_group",
      "name": "demo",
      "provider": "provider[\"registry.terraform.io/hashicorp/aws\"]",
      "instances": [
        {
          "schema_version": 0,
          "attributes": {
            "alarm_configuration": [],
            "app_name": "demo",
            "arn": "arn:aws:codedeploy:ap-northeast-2:740320335608:deploymentgroup:demo/demo",
            "auto_rollback_configuration": [
              {
                "enabled": true,
                "events": [
                  "DEPLOYMENT_FAILURE"
                ]
              }
            ],
            "autoscaling_groups": [],
            "blue_green_deployment_config": [
              {
                "deployment_ready_option": [
                  {
                    "action_on_timeout": "CONTINUE_DEPLOYMENT",
                    "wait_time_in_minutes": 0
                  }
                ],
                "green_fleet_provisioning_option": [],
                "terminate_blue_instances_on_deployment_success": [
                  {
                    "action": "TERMINATE",
                    "termination_wait_time_in_minutes": 5
                  }
                ]
              }
            ],
            "compute_platform": "ECS",
            "deployment_config_name": "CodeDeployDefault.ECSAllAtOnce",
            "deployment_group_id": "113f05da-67ca-4bf9-95bc-c428e9179575",
            "deployment_group_name": "demo",
            "deployment_style": [
              {
                "deployment_option": "WITH_TRAFFIC_CONTROL",
                "deployment_type": "BLUE_GREEN"
              }
            ],
            "ec2_tag_filter": [],
            "ec2_tag_set": [],
            "ecs_service": [
              {
                "cluster_name": "demo",
                "service_name": "demo"
              }
            ],
            "id": "113f05da-67ca-4bf9-95bc-c428e9179575",
            "load_balancer_info": [
              {
                "elb_info": [],
                "target_group_info": [],
                "target_group_pair_info": [
                  {
                    "prod_traffic_route": [
                      {
                        "listener_arns": [
                          "arn:aws:elasticloadbalancing:ap-northeast-2:740320335608:listener/net/demo/069b6288f0471556/995ff7a37a4645f0"
                        ]
                      }
                    ],
                    "target_group": [
                      {
                        "name": "demo-http-blue"
                      },
                      {
                        "name": "demo-http-green"
                      }
                    ],
                    "test_traffic_route": []
                  }
                ]
              }
            ],
            "on_premises_instance_tag_filter": [],
            "service_role_arn": "arn:aws:iam::740320335608:role/demo-codedeploy",
            "tags": {},
            "tags_all": {},
            "trigger_configuration": []
          },
          "sensitive_attributes": [],
          "private": "bnVsbA==",
          "dependencies": [
            "aws_lb.demo",
            "aws_lb_listener.demo",
            "aws_security_group.ecs-demo",
            "module.vpc.aws_vpc_ipv4_cidr_block_association.this",
            "aws_iam_role.demo-codedeploy",
            "aws_lb_target_group.demo-blue",
            "aws_lb_target_group.demo-green",
            "module.vpc.aws_vpc.this",
            "aws_iam_role.ecs-demo-task-role",
            "aws_ecs_cluster.demo",
            "aws_iam_role.ecs-task-execution-role",
            "aws_ecr_repository.demo_php_fpm",
            "aws_ecs_service.demo",
            "aws_ecs_task_definition.demo",
            "data.aws_availability_zones.available",
            "module.vpc.aws_subnet.public",
            "aws_codedeploy_app.demo"
          ]
        }
      ]
    },
    {
      "mode": "managed",
      "type": "aws_codepipeline",
      "name": "demo",
      "provider": "provider[\"registry.terraform.io/hashicorp/aws\"]",
      "instances": [
        {
          "schema_version": 0,
          "attributes": {
            "arn": "arn:aws:codepipeline:ap-northeast-2:740320335608:demo-docker-pipeline",
            "artifact_store": [
              {
                "encryption_key": [
                  {
                    "id": "arn:aws:kms:ap-northeast-2:740320335608:alias/demo-artifacts",
                    "type": "KMS"
                  }
                ],
                "location": "demo-artifacts-wvdts333",
                "region": "",
                "type": "S3"
              }
            ],
            "id": "demo-docker-pipeline",
            "name": "demo-docker-pipeline",
            "role_arn": "arn:aws:iam::740320335608:role/demo-codepipeline",
            "stage": [
              {
                "action": [
                  {
                    "category": "Source",
                    "configuration": {
                      "BranchName": "master",
                      "RepositoryName": "demo"
                    },
                    "input_artifacts": [],
                    "name": "Source",
                    "namespace": "",
                    "output_artifacts": [
                      "demo-docker-source"
                    ],
                    "owner": "AWS",
                    "provider": "CodeCommit",
                    "region": "",
                    "role_arn": "",
                    "run_order": 1,
                    "version": "1"
                  }
                ],
                "name": "Source"
              },
              {
                "action": [
                  {
                    "category": "Build",
                    "configuration": {
                      "ProjectName": "demo-docker-build"
                    },
                    "input_artifacts": [
                      "demo-docker-source"
                    ],
                    "name": "Build",
                    "namespace": "",
                    "output_artifacts": [
                      "demo-docker-build"
                    ],
                    "owner": "AWS",
                    "provider": "CodeBuild",
                    "region": "",
                    "role_arn": "",
                    "run_order": 1,
                    "version": "1"
                  }
                ],
                "name": "Build"
              },
              {
                "action": [
                  {
                    "category": "Deploy",
                    "configuration": {
                      "AppSpecTemplateArtifact": "demo-docker-build",
                      "ApplicationName": "demo",
                      "DeploymentGroupName": "demo",
                      "TaskDefinitionTemplateArtifact": "demo-docker-build"
                    },
                    "input_artifacts": [
                      "demo-docker-build"
                    ],
                    "name": "DeployToECS",
                    "namespace": "",
                    "output_artifacts": [],
                    "owner": "AWS",
                    "provider": "CodeDeployToECS",
                    "region": "",
                    "role_arn": "",
                    "run_order": 1,
                    "version": "1"
                  }
                ],
                "name": "Deploy"
              }
            ],
            "tags": {},
            "tags_all": {}
          },
          "sensitive_attributes": [],
          "private": "bnVsbA==",
          "dependencies": [
            "aws_iam_role.demo-codebuild",
            "aws_iam_role.ecs-task-execution-role",
            "module.vpc.aws_vpc.this",
            "random_string.random",
            "aws_ecs_task_definition.demo",
            "aws_iam_role.demo-codepipeline",
            "aws_iam_role.ecs-demo-task-role",
            "aws_lb.demo",
            "data.aws_availability_zones.available",
            "aws_codebuild_project.demo",
            "data.aws_iam_policy_document.demo-artifacts-kms-policy",
            "module.vpc.aws_vpc_ipv4_cidr_block_association.this",
            "aws_kms_alias.demo-artifacts",
            "aws_security_group.ecs-demo",
            "data.aws_caller_identity.current",
            "module.vpc.aws_subnet.public",
            "aws_ecs_service.demo",
            "aws_lb_target_group.demo-blue",
            "aws_lb_target_group.demo-green",
            "aws_codedeploy_app.demo",
            "aws_codedeploy_deployment_group.demo",
            "aws_ecr_repository.demo_nginx",
            "aws_ecs_cluster.demo",
            "aws_iam_role.demo-codedeploy",
            "aws_lb_listener.demo",
            "aws_s3_bucket.demo-artifacts",
            "aws_codecommit_repository.demo",
            "aws_ecr_repository.demo",
            "aws_ecr_repository.demo_php_fpm",
            "aws_kms_key.demo-artifacts"
          ]
        }
      ]
    },
    {
      "mode": "managed",
      "type": "aws_db_instance",
      "name": "default",
      "provider": "provider[\"registry.terraform.io/hashicorp/aws\"]",
      "instances": []
    },
    {
      "mode": "managed",
      "type": "aws_db_subnet_group",
      "name": "mysqldb-subnet",
      "provider": "provider[\"registry.terraform.io/hashicorp/aws\"]",
      "instances": [
        {
          "schema_version": 0,
          "attributes": {
            "arn": "arn:aws:rds:ap-northeast-2:740320335608:subgrp:mysqldb-subnet",
            "description": "RDS subnet group",
            "id": "mysqldb-subnet",
            "name": "mysqldb-subnet",
            "name_prefix": null,
            "subnet_ids": [
              "subnet-00ff6b01f458009b6",
              "subnet-010eb2564f9ca782b",
              "subnet-040bb97dfca39d9a4"
            ],
            "tags": {},
            "tags_all": {}
          },
          "sensitive_attributes": [],
          "private": "bnVsbA==",
          "dependencies": [
            "data.aws_availability_zones.available",
            "module.vpc.aws_subnet.private",
            "module.vpc.aws_vpc.this",
            "module.vpc.aws_vpc_ipv4_cidr_block_association.this"
          ]
        }
      ]
    },
    {
      "mode": "managed",
      "type": "aws_ecr_repository",
      "name": "demo",
      "provider": "provider[\"registry.terraform.io/hashicorp/aws\"]",
      "instances": [
        {
          "schema_version": 0,
          "attributes": {
            "arn": "arn:aws:ecr:ap-northeast-2:740320335608:repository/demo",
            "encryption_configuration": [
              {
                "encryption_type": "AES256",
                "kms_key": ""
              }
            ],
            "id": "demo",
            "image_scanning_configuration": [
              {
                "scan_on_push": false
              }
            ],
            "image_tag_mutability": "MUTABLE",
            "name": "demo",
            "registry_id": "740320335608",
            "repository_url": "740320335608.dkr.ecr.ap-northeast-2.amazonaws.com/demo",
            "tags": {},
            "tags_all": {},
            "timeouts": null
          },
          "sensitive_attributes": [],
          "private": "eyJlMmJmYjczMC1lY2FhLTExZTYtOGY4OC0zNDM2M2JjN2M0YzAiOnsiZGVsZXRlIjoxMjAwMDAwMDAwMDAwfX0="
        }
      ]
    },
    {
      "mode": "managed",
      "type": "aws_ecr_repository",
      "name": "demo_nginx",
      "provider": "provider[\"registry.terraform.io/hashicorp/aws\"]",
      "instances": [
        {
          "schema_version": 0,
          "attributes": {
            "arn": "arn:aws:ecr:ap-northeast-2:740320335608:repository/demo/nginx",
            "encryption_configuration": [
              {
                "encryption_type": "AES256",
                "kms_key": ""
              }
            ],
            "id": "demo/nginx",
            "image_scanning_configuration": [
              {
                "scan_on_push": false
              }
            ],
            "image_tag_mutability": "MUTABLE",
            "name": "demo/nginx",
            "registry_id": "740320335608",
            "repository_url": "740320335608.dkr.ecr.ap-northeast-2.amazonaws.com/demo/nginx",
            "tags": {},
            "tags_all": {},
            "timeouts": null
          },
          "sensitive_attributes": [],
          "private": "eyJlMmJmYjczMC1lY2FhLTExZTYtOGY4OC0zNDM2M2JjN2M0YzAiOnsiZGVsZXRlIjoxMjAwMDAwMDAwMDAwfX0="
        }
      ]
    },
    {
      "mode": "managed",
      "type": "aws_ecr_repository",
      "name": "demo_php_fpm",
      "provider": "provider[\"registry.terraform.io/hashicorp/aws\"]",
      "instances": [
        {
          "schema_version": 0,
          "attributes": {
            "arn": "arn:aws:ecr:ap-northeast-2:740320335608:repository/demo/php-fpm",
            "encryption_configuration": [
              {
                "encryption_type": "AES256",
                "kms_key": ""
              }
            ],
            "id": "demo/php-fpm",
            "image_scanning_configuration": [
              {
                "scan_on_push": false
              }
            ],
            "image_tag_mutability": "MUTABLE",
            "name": "demo/php-fpm",
            "registry_id": "740320335608",
            "repository_url": "740320335608.dkr.ecr.ap-northeast-2.amazonaws.com/demo/php-fpm",
            "tags": {},
            "tags_all": {},
            "timeouts": null
          },
          "sensitive_attributes": [],
          "private": "eyJlMmJmYjczMC1lY2FhLTExZTYtOGY4OC0zNDM2M2JjN2M0YzAiOnsiZGVsZXRlIjoxMjAwMDAwMDAwMDAwfX0="
        }
      ]
    },
    {
      "mode": "managed",
      "type": "aws_ecs_cluster",
      "name": "demo",
      "provider": "provider[\"registry.terraform.io/hashicorp/aws\"]",
      "instances": [
        {
          "schema_version": 0,
          "attributes": {
            "arn": "arn:aws:ecs:ap-northeast-2:740320335608:cluster/demo",
            "capacity_providers": [],
            "configuration": [],
            "default_capacity_provider_strategy": [],
            "id": "arn:aws:ecs:ap-northeast-2:740320335608:cluster/demo",
            "name": "demo",
            "setting": [
              {
                "name": "containerInsights",
                "value": "disabled"
              }
            ],
            "tags": {},
            "tags_all": {}
          },
          "sensitive_attributes": [],
          "private": "bnVsbA=="
        }
      ]
    },
    {
      "mode": "managed",
      "type": "aws_ecs_service",
      "name": "demo",
      "provider": "provider[\"registry.terraform.io/hashicorp/aws\"]",
      "instances": [
        {
          "schema_version": 0,
          "attributes": {
            "capacity_provider_strategy": [],
            "cluster": "arn:aws:ecs:ap-northeast-2:740320335608:cluster/demo",
            "deployment_circuit_breaker": [],
            "deployment_controller": [
              {
                "type": "CODE_DEPLOY"
              }
            ],
            "deployment_maximum_percent": 200,
            "deployment_minimum_healthy_percent": 100,
            "desired_count": 1,
            "enable_ecs_managed_tags": false,
            "enable_execute_command": false,
            "force_new_deployment": null,
            "health_check_grace_period_seconds": 0,
            "iam_role": "aws-service-role",
            "id": "arn:aws:ecs:ap-northeast-2:740320335608:service/demo/demo",
            "launch_type": "FARGATE",
            "load_balancer": [
              {
                "container_name": "demo",
                "container_port": 3000,
                "elb_name": "",
                "target_group_arn": "arn:aws:elasticloadbalancing:ap-northeast-2:740320335608:targetgroup/demo-http-green/5fc5c670accd62d5"
              }
            ],
            "name": "demo",
            "network_configuration": [
              {
                "assign_public_ip": true,
                "security_groups": [
                  "sg-0e4b4ca0271985176"
                ],
                "subnets": [
                  "subnet-0a3e486f6e6f85d0e"
                ]
              }
            ],
            "ordered_placement_strategy": [],
            "placement_constraints": [],
            "platform_version": "1.4.0",
            "propagate_tags": "NONE",
            "scheduling_strategy": "REPLICA",
            "service_registries": [],
            "tags": {},
            "tags_all": {},
            "task_definition": "arn:aws:ecs:ap-northeast-2:740320335608:task-definition/demo:22",
            "timeouts": null,
            "wait_for_steady_state": false
          },
          "sensitive_attributes": [],
          "private": "eyJlMmJmYjczMC1lY2FhLTExZTYtOGY4OC0zNDM2M2JjN2M0YzAiOnsiZGVsZXRlIjoxMjAwMDAwMDAwMDAwfX0=",
          "dependencies": [
            "aws_lb.demo",
            "aws_lb_listener.demo",
            "aws_lb_target_group.demo-blue",
            "aws_security_group.ecs-demo",
            "data.aws_availability_zones.available",
            "module.vpc.aws_subnet.public",
            "aws_ecr_repository.demo_php_fpm",
            "aws_iam_role.ecs-task-execution-role",
            "module.vpc.aws_vpc.this",
            "aws_iam_role.ecs-demo-task-role",
            "module.vpc.aws_vpc_ipv4_cidr_block_association.this",
            "aws_ecs_cluster.demo",
            "aws_ecs_task_definition.demo"
          ]
        }
      ]
    },
    {
      "mode": "managed",
      "type": "aws_ecs_task_definition",
      "name": "demo",
      "provider": "provider[\"registry.terraform.io/hashicorp/aws\"]",
      "instances": [
        {
          "schema_version": 1,
          "attributes": {
            "arn": "arn:aws:ecs:ap-northeast-2:740320335608:task-definition/demo:21",
            "container_definitions": "[{\"cpu\":0,\"environment\":[],\"essential\":true,\"healthCheck\":{\"command\":[\"CMD-SHELL\",\"curl -f http://localhost:3000/ || exit 1\"],\"interval\":30,\"retries\":3,\"timeout\":5},\"image\":\"740320335608.dkr.ecr.ap-northeast-2.amazonaws.com/demo/php-fpm\",\"logConfiguration\":{\"logDriver\":\"awslogs\",\"options\":{\"awslogs-group\":\"demo\",\"awslogs-region\":\"ap-northeast-2\",\"awslogs-stream-prefix\":\"ecs\"}},\"mountPoints\":[],\"name\":\"demo\",\"portMappings\":[{\"containerPort\":3000,\"hostPort\":3000,\"protocol\":\"tcp\"}],\"secrets\":[],\"volumesFrom\":[]}]",
            "cpu": "256",
            "ephemeral_storage": [],
            "execution_role_arn": "arn:aws:iam::740320335608:role/ecs-task-execution-role",
            "family": "demo",
            "id": "demo",
            "inference_accelerator": [],
            "ipc_mode": "",
            "memory": "512",
            "network_mode": "awsvpc",
            "pid_mode": "",
            "placement_constraints": [],
            "proxy_configuration": [],
            "requires_compatibilities": [
              "FARGATE"
            ],
            "revision": 21,
            "tags": {},
            "tags_all": {},
            "task_role_arn": "arn:aws:iam::740320335608:role/ecs-demo-task-role",
            "volume": []
          },
          "sensitive_attributes": [],
          "private": "eyJzY2hlbWFfdmVyc2lvbiI6IjEifQ==",
          "dependencies": [
            "aws_ecr_repository.demo_php_fpm",
            "aws_iam_role.ecs-demo-task-role",
            "aws_iam_role.ecs-task-execution-role"
          ]
        }
      ]
    },
    {
      "mode": "managed",
      "type": "aws_iam_role",
      "name": "demo-codebuild",
      "provider": "provider[\"registry.terraform.io/hashicorp/aws\"]",
      "instances": [
        {
          "schema_version": 0,
          "attributes": {
            "arn": "arn:aws:iam::740320335608:role/demo-codebuild",
            "assume_role_policy": "{\"Version\":\"2012-10-17\",\"Statement\":[{\"Effect\":\"Allow\",\"Principal\":{\"Service\":\"codebuild.amazonaws.com\"},\"Action\":\"sts:AssumeRole\"}]}",
            "create_date": "2021-09-22T12:27:04Z",
            "description": "",
            "force_detach_policies": false,
            "id": "demo-codebuild",
            "inline_policy": [
              {
                "name": "terraform-20210922122705514000000001",
                "policy": "{\n  \"Version\": \"2012-10-17\",\n  \"Statement\": [\n    {\n      \"Effect\": \"Allow\",\n      \"Resource\": [\n        \"*\"\n      ],\n      \"Action\": [\n        \"logs:CreateLogGroup\",\n        \"logs:CreateLogStream\",\n        \"logs:PutLogEvents\"\n      ]\n    },\n    {\n      \"Sid\": \"CodeCommitPolicy\",\n      \"Effect\": \"Allow\",\n      \"Action\": [\n        \"codecommit:GitPull\"\n      ],\n      \"Resource\": [\n        \"*\"\n      ]\n    },\n    {\n      \"Effect\": \"Allow\",\n      \"Action\": [\n        \"ec2:CreateNetworkInterface\",\n        \"ec2:DescribeDhcpOptions\",\n        \"ec2:DescribeNetworkInterfaces\",\n        \"ec2:DeleteNetworkInterface\",\n        \"ec2:DescribeSubnets\",\n        \"ec2:DescribeSecurityGroups\",\n        \"ec2:DescribeVpcs\"\n      ],\n      \"Resource\": \"*\"\n    },\n    {\n      \"Effect\": \"Allow\",\n      \"Action\": [\n        \"s3:*\"\n      ],\n      \"Resource\": [\n        \"arn:aws:s3:::demo-codebuild-cache-wvdts333\",\n        \"arn:aws:s3:::demo-codebuild-cache-wvdts333/*\"\n      ]\n    },\n    {\n      \"Effect\":\"Allow\",\n      \"Action\": [\n        \"s3:List*\",\n        \"s3:Put*\",\n        \"s3:Get*\"\n      ],\n      \"Resource\": [\n        \"arn:aws:s3:::demo-artifacts-wvdts333\",\n        \"arn:aws:s3:::demo-artifacts-wvdts333/*\"\n      ]\n    },\n    {\n      \"Sid\": \"ECRPushPolicy\",\n      \"Effect\": \"Allow\",\n      \"Action\": [\n        \"ecr:BatchCheckLayerAvailability\",\n        \"ecr:GetDownloadUrlForLayer\",\n        \"ecr:GetRepositoryPolicy\",\n        \"ecr:DescribeRepositories\",\n        \"ecr:ListImages\",\n        \"ecr:DescribeImages\",\n        \"ecr:BatchGetImage\",\n        \"ecr:InitiateLayerUpload\",\n        \"ecr:UploadLayerPart\",\n        \"ecr:CompleteLayerUpload\",\n        \"ecr:PutImage\"\n      ],\n      \"Resource\": [\n        \"*\"\n      ]\n    },\n    {\n      \"Sid\": \"ECRAuthPolicy\",\n      \"Effect\": \"Allow\",\n      \"Action\": [\n        \"ecr:GetAuthorizationToken\"\n      ],\n      \"Resource\": [\n        \"*\"\n      ]\n    }, \n    {\n      \"Sid\": \"ECS\",\n      \"Effect\": \"Allow\",\n      \"Action\": [\n        \"ecs:List*\",\n        \"ecs:Describe*\"\n      ],\n      \"Resource\": [\n        \"*\"\n      ]\n    }, \n    {\n      \"Effect\": \"Allow\",\n      \"Action\": [\n         \"kms:DescribeKey\",\n         \"kms:GenerateDataKey*\",\n         \"kms:Encrypt\",\n         \"kms:ReEncrypt*\",\n         \"kms:Decrypt\"\n        ],\n      \"Resource\": [\n         \"arn:aws:kms:ap-northeast-2:740320335608:key/b844c081-ca89-4368-940b-672ccb9e6697\"\n        ]\n    }\n  ]\n}\n"
              }
            ],
            "managed_policy_arns": [],
            "max_session_duration": 3600,
            "name": "demo-codebuild",
            "name_prefix": "",
            "path": "/",
            "permissions_boundary": null,
            "tags": {},
            "tags_all": {},
            "unique_id": "AROA2YXUH234DVCMWL5UX"
          },
          "sensitive_attributes": [],
          "private": "bnVsbA=="
        }
      ]
    },
    {
      "mode": "managed",
      "type": "aws_iam_role",
      "name": "demo-codedeploy",
      "provider": "provider[\"registry.terraform.io/hashicorp/aws\"]",
      "instances": [
        {
          "schema_version": 0,
          "attributes": {
            "arn": "arn:aws:iam::740320335608:role/demo-codedeploy",
            "assume_role_policy": "{\"Version\":\"2012-10-17\",\"Statement\":[{\"Effect\":\"Allow\",\"Principal\":{\"Service\":\"codedeploy.amazonaws.com\"},\"Action\":\"sts:AssumeRole\"}]}",
            "create_date": "2021-09-22T12:27:04Z",
            "description": "",
            "force_detach_policies": false,
            "id": "demo-codedeploy",
            "inline_policy": [
              {
                "name": "codedeploy-policy",
                "policy": "{\n  \"Version\": \"2012-10-17\",\n  \"Statement\": [\n    {\n      \"Sid\": \"\",\n      \"Effect\": \"Allow\",\n      \"Action\": [\n        \"sns:Publish\",\n        \"s3:GetObjectVersion\",\n        \"s3:GetObject\",\n        \"lambda:InvokeFunction\",\n        \"elasticloadbalancing:ModifyRule\",\n        \"elasticloadbalancing:ModifyListener\",\n        \"elasticloadbalancing:DescribeTargetGroups\",\n        \"elasticloadbalancing:DescribeRules\",\n        \"elasticloadbalancing:DescribeListeners\",\n        \"ecs:UpdateServicePrimaryTaskSet\",\n        \"ecs:DescribeServices\",\n        \"ecs:DeleteTaskSet\",\n        \"ecs:CreateTaskSet\",\n        \"cloudwatch:DescribeAlarms\"\n      ],\n      \"Resource\": \"*\"\n    },\n    {\n      \"Sid\": \"\",\n      \"Effect\": \"Allow\",\n      \"Action\": \"s3:Get*\",\n      \"Resource\": \"arn:aws:s3:::demo-artifacts-wvdts333/*\"\n    },\n    {\n      \"Sid\": \"\",\n      \"Effect\": \"Allow\",\n      \"Action\": [\n        \"kms:DescribeKey\",\n        \"kms:Decrypt\"\n      ],\n      \"Resource\": \"arn:aws:kms:ap-northeast-2:740320335608:key/b844c081-ca89-4368-940b-672ccb9e6697\"\n    },\n    {\n      \"Sid\": \"\",\n      \"Effect\": \"Allow\",\n      \"Action\": \"iam:PassRole\",\n      \"Resource\": [\n        \"arn:aws:iam::740320335608:role/ecs-task-execution-role\",\n        \"arn:aws:iam::740320335608:role/ecs-demo-task-role\"\n      ],\n      \"Condition\": {\n        \"StringLike\": {\n          \"iam:PassedToService\": [\n            \"ecs-tasks.amazonaws.com\"\n          ]\n        }\n      }\n    }\n  ]\n}"
              }
            ],
            "managed_policy_arns": [],
            "max_session_duration": 3600,
            "name": "demo-codedeploy",
            "name_prefix": "",
            "path": "/",
            "permissions_boundary": null,
            "tags": {},
            "tags_all": {},
            "unique_id": "AROA2YXUH234MSUOEZ7HG"
          },
          "sensitive_attributes": [],
          "private": "bnVsbA=="
        }
      ]
    },
    {
      "mode": "managed",
      "type": "aws_iam_role",
      "name": "demo-codepipeline",
      "provider": "provider[\"registry.terraform.io/hashicorp/aws\"]",
      "instances": [
        {
          "schema_version": 0,
          "attributes": {
            "arn": "arn:aws:iam::740320335608:role/demo-codepipeline",
            "assume_role_policy": "{\"Version\":\"2012-10-17\",\"Statement\":[{\"Effect\":\"Allow\",\"Principal\":{\"Service\":\"codepipeline.amazonaws.com\"},\"Action\":\"sts:AssumeRole\"}]}",
            "create_date": "2021-09-22T12:27:05Z",
            "description": "",
            "force_detach_policies": false,
            "id": "demo-codepipeline",
            "inline_policy": [
              {
                "name": "codepipeline-policy",
                "policy": "{\n  \"Version\": \"2012-10-17\",\n  \"Statement\": [\n    {\n      \"Sid\": \"\",\n      \"Effect\": \"Allow\",\n      \"Action\": \"s3:*\",\n      \"Resource\": [\n        \"arn:aws:s3:::demo-artifacts-wvdts333/*\",\n        \"arn:aws:s3:::demo-artifacts-wvdts333\"\n      ]\n    },\n    {\n      \"Sid\": \"\",\n      \"Effect\": \"Allow\",\n      \"Action\": [\n        \"codebuild:StartBuild\",\n        \"codebuild:BatchGetBuilds\"\n      ],\n      \"Resource\": \"*\"\n    },\n    {\n      \"Sid\": \"\",\n      \"Effect\": \"Allow\",\n      \"Action\": \"sts:AssumeRole\",\n      \"Resource\": \"arn:aws:iam::740320335608:role/demo-codepipeline\"\n    },\n    {\n      \"Sid\": \"\",\n      \"Effect\": \"Allow\",\n      \"Action\": [\n        \"kms:ReEncrypt*\",\n        \"kms:GenerateDataKey*\",\n        \"kms:Encrypt\",\n        \"kms:DescribeKey\",\n        \"kms:Decrypt\"\n      ],\n      \"Resource\": \"arn:aws:kms:ap-northeast-2:740320335608:key/b844c081-ca89-4368-940b-672ccb9e6697\"\n    },\n    {\n      \"Sid\": \"\",\n      \"Effect\": \"Allow\",\n      \"Action\": [\n        \"codecommit:UploadArchive\",\n        \"codecommit:GitPull\",\n        \"codecommit:Get*\",\n        \"codecommit:Describe*\",\n        \"codecommit:BatchGet*\",\n        \"codecommit:BatchDescribe*\"\n      ],\n      \"Resource\": \"arn:aws:codecommit:ap-northeast-2:740320335608:demo\"\n    },\n    {\n      \"Sid\": \"\",\n      \"Effect\": \"Allow\",\n      \"Action\": [\n        \"ecs:*\",\n        \"codedeploy:*\"\n      ],\n      \"Resource\": \"*\"\n    },\n    {\n      \"Sid\": \"\",\n      \"Effect\": \"Allow\",\n      \"Action\": \"iam:PassRole\",\n      \"Resource\": [\n        \"arn:aws:iam::740320335608:role/ecs-task-execution-role\",\n        \"arn:aws:iam::740320335608:role/ecs-demo-task-role\"\n      ],\n      \"Condition\": {\n        \"StringLike\": {\n          \"iam:PassedToService\": [\n            \"ecs-tasks.amazonaws.com\"\n          ]\n        }\n      }\n    }\n  ]\n}"
              }
            ],
            "managed_policy_arns": [],
            "max_session_duration": 3600,
            "name": "demo-codepipeline",
            "name_prefix": "",
            "path": "/",
            "permissions_boundary": null,
            "tags": {},
            "tags_all": {},
            "unique_id": "AROA2YXUH234G7IKWOACR"
          },
          "sensitive_attributes": [],
          "private": "bnVsbA=="
        }
      ]
    },
    {
      "mode": "managed",
      "type": "aws_iam_role",
      "name": "ecs-demo-task-role",
      "provider": "provider[\"registry.terraform.io/hashicorp/aws\"]",
      "instances": [
        {
          "schema_version": 0,
          "attributes": {
            "arn": "arn:aws:iam::740320335608:role/ecs-demo-task-role",
            "assume_role_policy": "{\"Version\":\"2012-10-17\",\"Statement\":[{\"Sid\":\"\",\"Effect\":\"Allow\",\"Principal\":{\"Service\":\"ecs-tasks.amazonaws.com\"},\"Action\":\"sts:AssumeRole\"}]}",
            "create_date": "2021-09-22T12:27:04Z",
            "description": "",
            "force_detach_policies": false,
            "id": "ecs-demo-task-role",
            "inline_policy": [
              {
                "name": "",
                "policy": ""
              }
            ],
            "managed_policy_arns": [],
            "max_session_duration": 3600,
            "name": "ecs-demo-task-role",
            "name_prefix": "",
            "path": "/",
            "permissions_boundary": null,
            "tags": {},
            "tags_all": {},
            "unique_id": "AROA2YXUH234OYO63KRWE"
          },
          "sensitive_attributes": [],
          "private": "bnVsbA=="
        }
      ]
    },
    {
      "mode": "managed",
      "type": "aws_iam_role",
      "name": "ecs-task-execution-role",
      "provider": "provider[\"registry.terraform.io/hashicorp/aws\"]",
      "instances": [
        {
          "schema_version": 0,
          "attributes": {
            "arn": "arn:aws:iam::740320335608:role/ecs-task-execution-role",
            "assume_role_policy": "{\"Version\":\"2012-10-17\",\"Statement\":[{\"Sid\":\"\",\"Effect\":\"Allow\",\"Principal\":{\"Service\":\"ecs-tasks.amazonaws.com\"},\"Action\":\"sts:AssumeRole\"}]}",
            "create_date": "2021-09-22T12:27:04Z",
            "description": "",
            "force_detach_policies": false,
            "id": "ecs-task-execution-role",
            "inline_policy": [
              {
                "name": "ecs-task-execution-role",
                "policy": "{\n  \"Version\": \"2012-10-17\",\n  \"Statement\": [\n    {\n      \"Effect\": \"Allow\",\n      \"Action\": [\n        \"ecr:GetAuthorizationToken\",\n        \"ecr:BatchCheckLayerAvailability\",\n        \"ecr:GetDownloadUrlForLayer\",\n        \"ecr:BatchGetImage\",\n        \"logs:CreateLogStream\",\n        \"logs:PutLogEvents\",\n        \"ssm:GetParameters\",\n        \"ssm:GetParameter\"\n      ],\n      \"Resource\": \"*\"\n    }\n  ]\n}\n"
              }
            ],
            "managed_policy_arns": [],
            "max_session_duration": 3600,
            "name": "ecs-task-execution-role",
            "name_prefix": "",
            "path": "/",
            "permissions_boundary": null,
            "tags": {},
            "tags_all": {},
            "unique_id": "AROA2YXUH234GCG6BFWXU"
          },
          "sensitive_attributes": [],
          "private": "bnVsbA=="
        }
      ]
    },
    {
      "mode": "managed",
      "type": "aws_iam_role_policy",
      "name": "demo-codebuild",
      "provider": "provider[\"registry.terraform.io/hashicorp/aws\"]",
      "instances": [
        {
          "schema_version": 0,
          "attributes": {
            "id": "demo-codebuild:terraform-20210922122705514000000001",
            "name": "terraform-20210922122705514000000001",
            "name_prefix": null,
            "policy": "{\n  \"Version\": \"2012-10-17\",\n  \"Statement\": [\n    {\n      \"Effect\": \"Allow\",\n      \"Resource\": [\n        \"*\"\n      ],\n      \"Action\": [\n        \"logs:CreateLogGroup\",\n        \"logs:CreateLogStream\",\n        \"logs:PutLogEvents\"\n      ]\n    },\n    {\n      \"Sid\": \"CodeCommitPolicy\",\n      \"Effect\": \"Allow\",\n      \"Action\": [\n        \"codecommit:GitPull\"\n      ],\n      \"Resource\": [\n        \"*\"\n      ]\n    },\n    {\n      \"Effect\": \"Allow\",\n      \"Action\": [\n        \"ec2:CreateNetworkInterface\",\n        \"ec2:DescribeDhcpOptions\",\n        \"ec2:DescribeNetworkInterfaces\",\n        \"ec2:DeleteNetworkInterface\",\n        \"ec2:DescribeSubnets\",\n        \"ec2:DescribeSecurityGroups\",\n        \"ec2:DescribeVpcs\"\n      ],\n      \"Resource\": \"*\"\n    },\n    {\n      \"Effect\": \"Allow\",\n      \"Action\": [\n        \"s3:*\"\n      ],\n      \"Resource\": [\n        \"arn:aws:s3:::demo-codebuild-cache-wvdts333\",\n        \"arn:aws:s3:::demo-codebuild-cache-wvdts333/*\"\n      ]\n    },\n    {\n      \"Effect\":\"Allow\",\n      \"Action\": [\n        \"s3:List*\",\n        \"s3:Put*\",\n        \"s3:Get*\"\n      ],\n      \"Resource\": [\n        \"arn:aws:s3:::demo-artifacts-wvdts333\",\n        \"arn:aws:s3:::demo-artifacts-wvdts333/*\"\n      ]\n    },\n    {\n      \"Sid\": \"ECRPushPolicy\",\n      \"Effect\": \"Allow\",\n      \"Action\": [\n        \"ecr:BatchCheckLayerAvailability\",\n        \"ecr:GetDownloadUrlForLayer\",\n        \"ecr:GetRepositoryPolicy\",\n        \"ecr:DescribeRepositories\",\n        \"ecr:ListImages\",\n        \"ecr:DescribeImages\",\n        \"ecr:BatchGetImage\",\n        \"ecr:InitiateLayerUpload\",\n        \"ecr:UploadLayerPart\",\n        \"ecr:CompleteLayerUpload\",\n        \"ecr:PutImage\"\n      ],\n      \"Resource\": [\n        \"*\"\n      ]\n    },\n    {\n      \"Sid\": \"ECRAuthPolicy\",\n      \"Effect\": \"Allow\",\n      \"Action\": [\n        \"ecr:GetAuthorizationToken\"\n      ],\n      \"Resource\": [\n        \"*\"\n      ]\n    }, \n    {\n      \"Sid\": \"ECS\",\n      \"Effect\": \"Allow\",\n      \"Action\": [\n        \"ecs:List*\",\n        \"ecs:Describe*\"\n      ],\n      \"Resource\": [\n        \"*\"\n      ]\n    }, \n    {\n      \"Effect\": \"Allow\",\n      \"Action\": [\n         \"kms:DescribeKey\",\n         \"kms:GenerateDataKey*\",\n         \"kms:Encrypt\",\n         \"kms:ReEncrypt*\",\n         \"kms:Decrypt\"\n        ],\n      \"Resource\": [\n         \"arn:aws:kms:ap-northeast-2:740320335608:key/b844c081-ca89-4368-940b-672ccb9e6697\"\n        ]\n    }\n  ]\n}\n",
            "role": "demo-codebuild"
          },
          "sensitive_attributes": [],
          "private": "bnVsbA==",
          "dependencies": [
            "data.aws_iam_policy_document.demo-artifacts-kms-policy",
            "random_string.random",
            "aws_iam_role.demo-codebuild",
            "aws_kms_key.demo-artifacts",
            "aws_s3_bucket.codebuild-cache",
            "aws_s3_bucket.demo-artifacts",
            "data.aws_caller_identity.current"
          ]
        }
      ]
    },
    {
      "mode": "managed",
      "type": "aws_iam_role_policy",
      "name": "demo-codedeploy",
      "provider": "provider[\"registry.terraform.io/hashicorp/aws\"]",
      "instances": [
        {
          "schema_version": 0,
          "attributes": {
            "id": "demo-codedeploy:codedeploy-policy",
            "name": "codedeploy-policy",
            "name_prefix": null,
            "policy": "{\n  \"Version\": \"2012-10-17\",\n  \"Statement\": [\n    {\n      \"Sid\": \"\",\n      \"Effect\": \"Allow\",\n      \"Action\": [\n        \"sns:Publish\",\n        \"s3:GetObjectVersion\",\n        \"s3:GetObject\",\n        \"lambda:InvokeFunction\",\n        \"elasticloadbalancing:ModifyRule\",\n        \"elasticloadbalancing:ModifyListener\",\n        \"elasticloadbalancing:DescribeTargetGroups\",\n        \"elasticloadbalancing:DescribeRules\",\n        \"elasticloadbalancing:DescribeListeners\",\n        \"ecs:UpdateServicePrimaryTaskSet\",\n        \"ecs:DescribeServices\",\n        \"ecs:DeleteTaskSet\",\n        \"ecs:CreateTaskSet\",\n        \"cloudwatch:DescribeAlarms\"\n      ],\n      \"Resource\": \"*\"\n    },\n    {\n      \"Sid\": \"\",\n      \"Effect\": \"Allow\",\n      \"Action\": \"s3:Get*\",\n      \"Resource\": \"arn:aws:s3:::demo-artifacts-wvdts333/*\"\n    },\n    {\n      \"Sid\": \"\",\n      \"Effect\": \"Allow\",\n      \"Action\": [\n        \"kms:DescribeKey\",\n        \"kms:Decrypt\"\n      ],\n      \"Resource\": \"arn:aws:kms:ap-northeast-2:740320335608:key/b844c081-ca89-4368-940b-672ccb9e6697\"\n    },\n    {\n      \"Sid\": \"\",\n      \"Effect\": \"Allow\",\n      \"Action\": \"iam:PassRole\",\n      \"Resource\": [\n        \"arn:aws:iam::740320335608:role/ecs-task-execution-role\",\n        \"arn:aws:iam::740320335608:role/ecs-demo-task-role\"\n      ],\n      \"Condition\": {\n        \"StringLike\": {\n          \"iam:PassedToService\": [\n            \"ecs-tasks.amazonaws.com\"\n          ]\n        }\n      }\n    }\n  ]\n}",
            "role": "demo-codedeploy"
          },
          "sensitive_attributes": [],
          "private": "bnVsbA==",
          "dependencies": [
            "aws_iam_role.ecs-demo-task-role",
            "data.aws_iam_policy_document.demo-artifacts-kms-policy",
            "data.aws_iam_policy_document.demo-codedeploy-role-policy",
            "aws_s3_bucket.demo-artifacts",
            "data.aws_caller_identity.current",
            "random_string.random",
            "aws_iam_role.demo-codedeploy",
            "aws_iam_role.ecs-task-execution-role",
            "aws_kms_key.demo-artifacts"
          ]
        }
      ]
    },
    {
      "mode": "managed",
      "type": "aws_iam_role_policy",
      "name": "demo-codepipeline",
      "provider": "provider[\"registry.terraform.io/hashicorp/aws\"]",
      "instances": [
        {
          "schema_version": 0,
          "attributes": {
            "id": "demo-codepipeline:codepipeline-policy",
            "name": "codepipeline-policy",
            "name_prefix": null,
            "policy": "{\n  \"Version\": \"2012-10-17\",\n  \"Statement\": [\n    {\n      \"Sid\": \"\",\n      \"Effect\": \"Allow\",\n      \"Action\": \"s3:*\",\n      \"Resource\": [\n        \"arn:aws:s3:::demo-artifacts-wvdts333/*\",\n        \"arn:aws:s3:::demo-artifacts-wvdts333\"\n      ]\n    },\n    {\n      \"Sid\": \"\",\n      \"Effect\": \"Allow\",\n      \"Action\": [\n        \"codebuild:StartBuild\",\n        \"codebuild:BatchGetBuilds\"\n      ],\n      \"Resource\": \"*\"\n    },\n    {\n      \"Sid\": \"\",\n      \"Effect\": \"Allow\",\n      \"Action\": \"sts:AssumeRole\",\n      \"Resource\": \"arn:aws:iam::740320335608:role/demo-codepipeline\"\n    },\n    {\n      \"Sid\": \"\",\n      \"Effect\": \"Allow\",\n      \"Action\": [\n        \"kms:ReEncrypt*\",\n        \"kms:GenerateDataKey*\",\n        \"kms:Encrypt\",\n        \"kms:DescribeKey\",\n        \"kms:Decrypt\"\n      ],\n      \"Resource\": \"arn:aws:kms:ap-northeast-2:740320335608:key/b844c081-ca89-4368-940b-672ccb9e6697\"\n    },\n    {\n      \"Sid\": \"\",\n      \"Effect\": \"Allow\",\n      \"Action\": [\n        \"codecommit:UploadArchive\",\n        \"codecommit:GitPull\",\n        \"codecommit:Get*\",\n        \"codecommit:Describe*\",\n        \"codecommit:BatchGet*\",\n        \"codecommit:BatchDescribe*\"\n      ],\n      \"Resource\": \"arn:aws:codecommit:ap-northeast-2:740320335608:demo\"\n    },\n    {\n      \"Sid\": \"\",\n      \"Effect\": \"Allow\",\n      \"Action\": [\n        \"ecs:*\",\n        \"codedeploy:*\"\n      ],\n      \"Resource\": \"*\"\n    },\n    {\n      \"Sid\": \"\",\n      \"Effect\": \"Allow\",\n      \"Action\": \"iam:PassRole\",\n      \"Resource\": [\n        \"arn:aws:iam::740320335608:role/ecs-task-execution-role\",\n        \"arn:aws:iam::740320335608:role/ecs-demo-task-role\"\n      ],\n      \"Condition\": {\n        \"StringLike\": {\n          \"iam:PassedToService\": [\n            \"ecs-tasks.amazonaws.com\"\n          ]\n        }\n      }\n    }\n  ]\n}",
            "role": "demo-codepipeline"
          },
          "sensitive_attributes": [],
          "private": "bnVsbA==",
          "dependencies": [
            "aws_iam_role.demo-codepipeline",
            "data.aws_caller_identity.current",
            "data.aws_iam_policy_document.demo-artifacts-kms-policy",
            "data.aws_iam_policy_document.demo-codepipeline-role-policy",
            "aws_codecommit_repository.demo",
            "aws_iam_role.ecs-demo-task-role",
            "aws_iam_role.ecs-task-execution-role",
            "aws_kms_key.demo-artifacts",
            "aws_s3_bucket.demo-artifacts",
            "random_string.random"
          ]
        }
      ]
    },
    {
      "mode": "managed",
      "type": "aws_iam_role_policy",
      "name": "ecs-task-execution-role",
      "provider": "provider[\"registry.terraform.io/hashicorp/aws\"]",
      "instances": [
        {
          "schema_version": 0,
          "attributes": {
            "id": "ecs-task-execution-role:ecs-task-execution-role",
            "name": "ecs-task-execution-role",
            "name_prefix": null,
            "policy": "{\n  \"Version\": \"2012-10-17\",\n  \"Statement\": [\n    {\n      \"Effect\": \"Allow\",\n      \"Action\": [\n        \"ecr:GetAuthorizationToken\",\n        \"ecr:BatchCheckLayerAvailability\",\n        \"ecr:GetDownloadUrlForLayer\",\n        \"ecr:BatchGetImage\",\n        \"logs:CreateLogStream\",\n        \"logs:PutLogEvents\",\n        \"ssm:GetParameters\",\n        \"ssm:GetParameter\"\n      ],\n      \"Resource\": \"*\"\n    }\n  ]\n}\n",
            "role": "ecs-task-execution-role"
          },
          "sensitive_attributes": [],
          "private": "bnVsbA==",
          "dependencies": [
            "aws_iam_role.ecs-task-execution-role"
          ]
        }
      ]
    },
    {
      "mode": "managed",
      "type": "aws_kms_alias",
      "name": "demo-artifacts",
      "provider": "provider[\"registry.terraform.io/hashicorp/aws\"]",
      "instances": [
        {
          "schema_version": 0,
          "attributes": {
            "arn": "arn:aws:kms:ap-northeast-2:740320335608:alias/demo-artifacts",
            "id": "alias/demo-artifacts",
            "name": "alias/demo-artifacts",
            "name_prefix": "",
            "target_key_arn": "arn:aws:kms:ap-northeast-2:740320335608:key/b844c081-ca89-4368-940b-672ccb9e6697",
            "target_key_id": "b844c081-ca89-4368-940b-672ccb9e6697"
          },
          "sensitive_attributes": [],
          "private": "bnVsbA==",
          "dependencies": [
            "aws_kms_key.demo-artifacts",
            "data.aws_caller_identity.current",
            "data.aws_iam_policy_document.demo-artifacts-kms-policy"
          ]
        }
      ]
    },
    {
      "mode": "managed",
      "type": "aws_kms_key",
      "name": "demo-artifacts",
      "provider": "provider[\"registry.terraform.io/hashicorp/aws\"]",
      "instances": [
        {
          "schema_version": 0,
          "attributes": {
            "arn": "arn:aws:kms:ap-northeast-2:740320335608:key/b844c081-ca89-4368-940b-672ccb9e6697",
            "bypass_policy_lockout_safety_check": false,
            "customer_master_key_spec": "SYMMETRIC_DEFAULT",
            "deletion_window_in_days": null,
            "description": "kms key for demo artifacts",
            "enable_key_rotation": false,
            "id": "b844c081-ca89-4368-940b-672ccb9e6697",
            "is_enabled": true,
            "key_id": "b844c081-ca89-4368-940b-672ccb9e6697",
            "key_usage": "ENCRYPT_DECRYPT",
            "policy": "{\"Id\":\"key-default-1\",\"Statement\":[{\"Action\":\"kms:*\",\"Effect\":\"Allow\",\"Principal\":{\"AWS\":\"arn:aws:iam::740320335608:root\"},\"Resource\":\"*\",\"Sid\":\"Enable IAM User Permissions\"}],\"Version\":\"2012-10-17\"}",
            "tags": {},
            "tags_all": {}
          },
          "sensitive_attributes": [],
          "private": "bnVsbA==",
          "dependencies": [
            "data.aws_caller_identity.current",
            "data.aws_iam_policy_document.demo-artifacts-kms-policy"
          ]
        }
      ]
    },
    {
      "mode": "managed",
      "type": "aws_lb",
      "name": "demo",
      "provider": "provider[\"registry.terraform.io/hashicorp/aws\"]",
      "instances": [
        {
          "schema_version": 0,
          "attributes": {
            "access_logs": [
              {
                "bucket": "",
                "enabled": false,
                "prefix": ""
              }
            ],
            "arn": "arn:aws:elasticloadbalancing:ap-northeast-2:740320335608:loadbalancer/net/demo/069b6288f0471556",
            "arn_suffix": "net/demo/069b6288f0471556",
            "customer_owned_ipv4_pool": "",
            "dns_name": "demo-069b6288f0471556.elb.ap-northeast-2.amazonaws.com",
            "drop_invalid_header_fields": null,
            "enable_cross_zone_load_balancing": true,
            "enable_deletion_protection": false,
            "enable_http2": null,
            "id": "arn:aws:elasticloadbalancing:ap-northeast-2:740320335608:loadbalancer/net/demo/069b6288f0471556",
            "idle_timeout": null,
            "internal": false,
            "ip_address_type": "ipv4",
            "load_balancer_type": "network",
            "name": "demo",
            "name_prefix": null,
            "security_groups": [],
            "subnet_mapping": [
              {
                "allocation_id": "",
                "ipv6_address": "",
                "outpost_id": "",
                "private_ipv4_address": "",
                "subnet_id": "subnet-05fcd81ecef59a990"
              },
              {
                "allocation_id": "",
                "ipv6_address": "",
                "outpost_id": "",
                "private_ipv4_address": "",
                "subnet_id": "subnet-06fa7ddd4ea0c3b75"
              },
              {
                "allocation_id": "",
                "ipv6_address": "",
                "outpost_id": "",
                "private_ipv4_address": "",
                "subnet_id": "subnet-0a3e486f6e6f85d0e"
              }
            ],
            "subnets": [
              "subnet-05fcd81ecef59a990",
              "subnet-06fa7ddd4ea0c3b75",
              "subnet-0a3e486f6e6f85d0e"
            ],
            "tags": {},
            "tags_all": {},
            "timeouts": null,
            "vpc_id": "vpc-029464e95c15f57b0",
            "zone_id": "ZIBE1TIR4HY56"
          },
          "sensitive_attributes": [],
          "private": "eyJlMmJmYjczMC1lY2FhLTExZTYtOGY4OC0zNDM2M2JjN2M0YzAiOnsiY3JlYXRlIjo2MDAwMDAwMDAwMDAsImRlbGV0ZSI6NjAwMDAwMDAwMDAwLCJ1cGRhdGUiOjYwMDAwMDAwMDAwMH19",
          "dependencies": [
            "data.aws_availability_zones.available",
            "module.vpc.aws_subnet.public",
            "module.vpc.aws_vpc.this",
            "module.vpc.aws_vpc_ipv4_cidr_block_association.this"
          ]
        }
      ]
    },
    {
      "mode": "managed",
      "type": "aws_lb_listener",
      "name": "demo",
      "provider": "provider[\"registry.terraform.io/hashicorp/aws\"]",
      "instances": [
        {
          "schema_version": 0,
          "attributes": {
            "alpn_policy": null,
            "arn": "arn:aws:elasticloadbalancing:ap-northeast-2:740320335608:listener/net/demo/069b6288f0471556/995ff7a37a4645f0",
            "certificate_arn": null,
            "default_action": [
              {
                "authenticate_cognito": [],
                "authenticate_oidc": [],
                "fixed_response": [],
                "forward": [],
                "order": 1,
                "redirect": [],
                "target_group_arn": "arn:aws:elasticloadbalancing:ap-northeast-2:740320335608:targetgroup/demo-http-green/5fc5c670accd62d5",
                "type": "forward"
              }
            ],
            "id": "arn:aws:elasticloadbalancing:ap-northeast-2:740320335608:listener/net/demo/069b6288f0471556/995ff7a37a4645f0",
            "load_balancer_arn": "arn:aws:elasticloadbalancing:ap-northeast-2:740320335608:loadbalancer/net/demo/069b6288f0471556",
            "port": 80,
            "protocol": "TCP",
            "ssl_policy": "",
            "tags": {},
            "tags_all": {},
            "timeouts": null
          },
          "sensitive_attributes": [],
          "private": "eyJlMmJmYjczMC1lY2FhLTExZTYtOGY4OC0zNDM2M2JjN2M0YzAiOnsicmVhZCI6NjAwMDAwMDAwMDAwfX0=",
          "dependencies": [
            "module.vpc.aws_vpc_ipv4_cidr_block_association.this",
            "aws_lb.demo",
            "aws_lb_target_group.demo-blue",
            "data.aws_availability_zones.available",
            "module.vpc.aws_subnet.public",
            "module.vpc.aws_vpc.this"
          ]
        }
      ]
    },
    {
      "mode": "managed",
      "type": "aws_lb_target_group",
      "name": "demo-blue",
      "provider": "provider[\"registry.terraform.io/hashicorp/aws\"]",
      "instances": [
        {
          "schema_version": 0,
          "attributes": {
            "arn": "arn:aws:elasticloadbalancing:ap-northeast-2:740320335608:targetgroup/demo-http-blue/c28ea17dd1e777f5",
            "arn_suffix": "targetgroup/demo-http-blue/c28ea17dd1e777f5",
            "deregistration_delay": 30,
            "health_check": [
              {
                "enabled": true,
                "healthy_threshold": 2,
                "interval": 30,
                "matcher": "",
                "path": "",
                "port": "traffic-port",
                "protocol": "TCP",
                "timeout": 10,
                "unhealthy_threshold": 2
              }
            ],
            "id": "arn:aws:elasticloadbalancing:ap-northeast-2:740320335608:targetgroup/demo-http-blue/c28ea17dd1e777f5",
            "lambda_multi_value_headers_enabled": false,
            "load_balancing_algorithm_type": null,
            "name": "demo-http-blue",
            "name_prefix": null,
            "port": 3000,
            "preserve_client_ip": "false",
            "protocol": "TCP",
            "protocol_version": null,
            "proxy_protocol_v2": false,
            "slow_start": 0,
            "stickiness": [
              {
                "cookie_duration": 0,
                "cookie_name": "",
                "enabled": false,
                "type": "source_ip"
              }
            ],
            "tags": {},
            "tags_all": {},
            "target_type": "ip",
            "vpc_id": "vpc-029464e95c15f57b0"
          },
          "sensitive_attributes": [],
          "private": "bnVsbA==",
          "dependencies": [
            "module.vpc.aws_vpc.this"
          ]
        }
      ]
    },
    {
      "mode": "managed",
      "type": "aws_lb_target_group",
      "name": "demo-green",
      "provider": "provider[\"registry.terraform.io/hashicorp/aws\"]",
      "instances": [
        {
          "schema_version": 0,
          "attributes": {
            "arn": "arn:aws:elasticloadbalancing:ap-northeast-2:740320335608:targetgroup/demo-http-green/5fc5c670accd62d5",
            "arn_suffix": "targetgroup/demo-http-green/5fc5c670accd62d5",
            "deregistration_delay": 30,
            "health_check": [
              {
                "enabled": true,
                "healthy_threshold": 2,
                "interval": 30,
                "matcher": "",
                "path": "",
                "port": "traffic-port",
                "protocol": "TCP",
                "timeout": 10,
                "unhealthy_threshold": 2
              }
            ],
            "id": "arn:aws:elasticloadbalancing:ap-northeast-2:740320335608:targetgroup/demo-http-green/5fc5c670accd62d5",
            "lambda_multi_value_headers_enabled": false,
            "load_balancing_algorithm_type": null,
            "name": "demo-http-green",
            "name_prefix": null,
            "port": 3000,
            "preserve_client_ip": "false",
            "protocol": "TCP",
            "protocol_version": null,
            "proxy_protocol_v2": false,
            "slow_start": 0,
            "stickiness": [
              {
                "cookie_duration": 0,
                "cookie_name": "",
                "enabled": false,
                "type": "source_ip"
              }
            ],
            "tags": {},
            "tags_all": {},
            "target_type": "ip",
            "vpc_id": "vpc-029464e95c15f57b0"
          },
          "sensitive_attributes": [],
          "private": "bnVsbA==",
          "dependencies": [
            "module.vpc.aws_vpc.this"
          ]
        }
      ]
    },
    {
      "mode": "managed",
      "type": "aws_s3_bucket",
      "name": "codebuild-cache",
      "provider": "provider[\"registry.terraform.io/hashicorp/aws\"]",
      "instances": [
        {
          "schema_version": 0,
          "attributes": {
            "acceleration_status": "",
            "acl": "private",
            "arn": "arn:aws:s3:::demo-codebuild-cache-wvdts333",
            "bucket": "demo-codebuild-cache-wvdts333",
            "bucket_domain_name": "demo-codebuild-cache-wvdts333.s3.amazonaws.com",
            "bucket_prefix": null,
            "bucket_regional_domain_name": "demo-codebuild-cache-wvdts333.s3.ap-northeast-2.amazonaws.com",
            "cors_rule": [],
            "force_destroy": false,
            "grant": [],
            "hosted_zone_id": "Z3W03O7B5YMIYP",
            "id": "demo-codebuild-cache-wvdts333",
            "lifecycle_rule": [],
            "logging": [],
            "object_lock_configuration": [],
            "policy": null,
            "region": "ap-northeast-2",
            "replication_configuration": [],
            "request_payer": "BucketOwner",
            "server_side_encryption_configuration": [],
            "tags": {},
            "tags_all": {},
            "versioning": [
              {
                "enabled": false,
                "mfa_delete": false
              }
            ],
            "website": [],
            "website_domain": null,
            "website_endpoint": null
          },
          "sensitive_attributes": [],
          "private": "bnVsbA==",
          "dependencies": [
            "random_string.random"
          ]
        }
      ]
    },
    {
      "mode": "managed",
      "type": "aws_s3_bucket",
      "name": "demo-artifacts",
      "provider": "provider[\"registry.terraform.io/hashicorp/aws\"]",
      "instances": [
        {
          "schema_version": 0,
          "attributes": {
            "acceleration_status": "",
            "acl": "private",
            "arn": "arn:aws:s3:::demo-artifacts-wvdts333",
            "bucket": "demo-artifacts-wvdts333",
            "bucket_domain_name": "demo-artifacts-wvdts333.s3.amazonaws.com",
            "bucket_prefix": null,
            "bucket_regional_domain_name": "demo-artifacts-wvdts333.s3.ap-northeast-2.amazonaws.com",
            "cors_rule": [],
            "force_destroy": true,
            "grant": [],
            "hosted_zone_id": "Z3W03O7B5YMIYP",
            "id": "demo-artifacts-wvdts333",
            "lifecycle_rule": [
              {
                "abort_incomplete_multipart_upload_days": 0,
                "enabled": true,
                "expiration": [
                  {
                    "date": "",
                    "days": 30,
                    "expired_object_delete_marker": false
                  }
                ],
                "id": "clean-up",
                "noncurrent_version_expiration": [],
                "noncurrent_version_transition": [],
                "prefix": "",
                "tags": {},
                "transition": []
              }
            ],
            "logging": [],
            "object_lock_configuration": [],
            "policy": null,
            "region": "ap-northeast-2",
            "replication_configuration": [],
            "request_payer": "BucketOwner",
            "server_side_encryption_configuration": [],
            "tags": {},
            "tags_all": {},
            "versioning": [
              {
                "enabled": false,
                "mfa_delete": false
              }
            ],
            "website": [],
            "website_domain": null,
            "website_endpoint": null
          },
          "sensitive_attributes": [],
          "private": "bnVsbA==",
          "dependencies": [
            "random_string.random"
          ]
        }
      ]
    },
    {
      "mode": "managed",
      "type": "aws_security_group",
      "name": "allow-mysqldb",
      "provider": "provider[\"registry.terraform.io/hashicorp/aws\"]",
      "instances": [
        {
          "schema_version": 1,
          "attributes": {
            "arn": "arn:aws:ec2:ap-northeast-2:740320335608:security-group/sg-0b256842a10fc6e25",
            "description": "allow-mysqldb",
            "egress": [
              {
                "cidr_blocks": [
                  "0.0.0.0/0"
                ],
                "description": "",
                "from_port": 0,
                "ipv6_cidr_blocks": [],
                "prefix_list_ids": [],
                "protocol": "-1",
                "security_groups": [],
                "self": false,
                "to_port": 0
              }
            ],
            "id": "sg-0b256842a10fc6e25",
            "ingress": [
              {
                "cidr_blocks": [],
                "description": "",
                "from_port": 3306,
                "ipv6_cidr_blocks": [],
                "prefix_list_ids": [],
                "protocol": "tcp",
                "security_groups": [
                  "sg-0e4b4ca0271985176"
                ],
                "self": false,
                "to_port": 3306
              }
            ],
            "name": "allow-mysqldb",
            "name_prefix": "",
            "owner_id": "740320335608",
            "revoke_rules_on_delete": false,
            "tags": {
              "Name": "allow-mysqldb"
            },
            "tags_all": {
              "Name": "allow-mysqldb"
            },
            "timeouts": null,
            "vpc_id": "vpc-029464e95c15f57b0"
          },
          "sensitive_attributes": [],
          "private": "eyJlMmJmYjczMC1lY2FhLTExZTYtOGY4OC0zNDM2M2JjN2M0YzAiOnsiY3JlYXRlIjo2MDAwMDAwMDAwMDAsImRlbGV0ZSI6OTAwMDAwMDAwMDAwfSwic2NoZW1hX3ZlcnNpb24iOiIxIn0=",
          "dependencies": [
            "aws_security_group.ecs-demo",
            "module.vpc.aws_vpc.this"
          ]
        }
      ]
    },
    {
      "mode": "managed",
      "type": "aws_security_group",
      "name": "ecs-demo",
      "provider": "provider[\"registry.terraform.io/hashicorp/aws\"]",
      "instances": [
        {
          "schema_version": 1,
          "attributes": {
            "arn": "arn:aws:ec2:ap-northeast-2:740320335608:security-group/sg-0e4b4ca0271985176",
            "description": "ECS demo",
            "egress": [
              {
                "cidr_blocks": [
                  "0.0.0.0/0"
                ],
                "description": "",
                "from_port": 0,
                "ipv6_cidr_blocks": [],
                "prefix_list_ids": [],
                "protocol": "-1",
                "security_groups": [],
                "self": false,
                "to_port": 0
              }
            ],
            "id": "sg-0e4b4ca0271985176",
            "ingress": [
              {
                "cidr_blocks": [
                  "0.0.0.0/0"
                ],
                "description": "",
                "from_port": 3000,
                "ipv6_cidr_blocks": [],
                "prefix_list_ids": [],
                "protocol": "tcp",
                "security_groups": [],
                "self": false,
                "to_port": 3000
              }
            ],
            "name": "ECS demo",
            "name_prefix": "",
            "owner_id": "740320335608",
            "revoke_rules_on_delete": false,
            "tags": {},
            "tags_all": {},
            "timeouts": null,
            "vpc_id": "vpc-029464e95c15f57b0"
          },
          "sensitive_attributes": [],
          "private": "eyJlMmJmYjczMC1lY2FhLTExZTYtOGY4OC0zNDM2M2JjN2M0YzAiOnsiY3JlYXRlIjo2MDAwMDAwMDAwMDAsImRlbGV0ZSI6OTAwMDAwMDAwMDAwfSwic2NoZW1hX3ZlcnNpb24iOiIxIn0=",
          "dependencies": [
            "module.vpc.aws_vpc.this"
          ]
        }
      ]
    },
    {
      "mode": "managed",
      "type": "random_string",
      "name": "random",
      "provider": "provider[\"registry.terraform.io/hashicorp/random\"]",
      "instances": [
        {
          "schema_version": 1,
          "attributes": {
            "id": "wvdts333",
            "keepers": null,
            "length": 8,
            "lower": true,
            "min_lower": 0,
            "min_numeric": 0,
            "min_special": 0,
            "min_upper": 0,
            "number": true,
            "override_special": null,
            "result": "wvdts333",
            "special": false,
            "upper": false
          },
          "sensitive_attributes": [],
          "private": "eyJzY2hlbWFfdmVyc2lvbiI6IjEifQ=="
        }
      ]
    },
    {
      "module": "module.vpc",
      "mode": "managed",
      "type": "aws_internet_gateway",
      "name": "this",
      "provider": "provider[\"registry.terraform.io/hashicorp/aws\"]",
      "instances": [
        {
          "index_key": 0,
          "schema_version": 0,
          "attributes": {
            "arn": "arn:aws:ec2:ap-northeast-2:740320335608:internet-gateway/igw-0de2ad26effd8bfa7",
            "id": "igw-0de2ad26effd8bfa7",
            "owner_id": "740320335608",
            "tags": {
              "Name": "terraform-cloudpipeline-demo"
            },
            "tags_all": {
              "Name": "terraform-cloudpipeline-demo"
            },
            "vpc_id": "vpc-029464e95c15f57b0"
          },
          "sensitive_attributes": [],
          "private": "bnVsbA==",
          "dependencies": [
            "module.vpc.aws_vpc.this",
            "module.vpc.aws_vpc_ipv4_cidr_block_association.this"
          ]
        }
      ]
    },
    {
      "module": "module.vpc",
      "mode": "managed",
      "type": "aws_route",
      "name": "public_internet_gateway",
      "provider": "provider[\"registry.terraform.io/hashicorp/aws\"]",
      "instances": [
        {
          "index_key": 0,
          "schema_version": 0,
          "attributes": {
            "carrier_gateway_id": "",
            "destination_cidr_block": "0.0.0.0/0",
            "destination_ipv6_cidr_block": "",
            "destination_prefix_list_id": "",
            "egress_only_gateway_id": "",
            "gateway_id": "igw-0de2ad26effd8bfa7",
            "id": "r-rtb-020e4d868d58c77e11080289494",
            "instance_id": "",
            "instance_owner_id": "",
            "local_gateway_id": "",
            "nat_gateway_id": "",
            "network_interface_id": "",
            "origin": "CreateRoute",
            "route_table_id": "rtb-020e4d868d58c77e1",
            "state": "active",
            "timeouts": {
              "create": "5m",
              "delete": null
            },
            "transit_gateway_id": "",
            "vpc_endpoint_id": "",
            "vpc_peering_connection_id": ""
          },
          "sensitive_attributes": [],
          "private": "eyJlMmJmYjczMC1lY2FhLTExZTYtOGY4OC0zNDM2M2JjN2M0YzAiOnsiY3JlYXRlIjozMDAwMDAwMDAwMDAsImRlbGV0ZSI6MzAwMDAwMDAwMDAwfX0=",
          "dependencies": [
            "module.vpc.aws_internet_gateway.this",
            "module.vpc.aws_route_table.public",
            "module.vpc.aws_vpc.this",
            "module.vpc.aws_vpc_ipv4_cidr_block_association.this"
          ]
        }
      ]
    },
    {
      "module": "module.vpc",
      "mode": "managed",
      "type": "aws_route_table",
      "name": "private",
      "provider": "provider[\"registry.terraform.io/hashicorp/aws\"]",
      "instances": [
        {
          "index_key": 0,
          "schema_version": 0,
          "attributes": {
            "arn": "arn:aws:ec2:ap-northeast-2:740320335608:route-table/rtb-0d762459d31998a50",
            "id": "rtb-0d762459d31998a50",
            "owner_id": "740320335608",
            "propagating_vgws": [],
            "route": [],
            "tags": {
              "Name": "terraform-cloudpipeline-demo"
            },
            "tags_all": {
              "Name": "terraform-cloudpipeline-demo"
            },
            "vpc_id": "vpc-029464e95c15f57b0"
          },
          "sensitive_attributes": [],
          "private": "bnVsbA==",
          "dependencies": [
            "data.aws_availability_zones.available",
            "module.vpc.aws_vpc.this",
            "module.vpc.aws_vpc_ipv4_cidr_block_association.this"
          ]
        },
        {
          "index_key": 1,
          "schema_version": 0,
          "attributes": {
            "arn": "arn:aws:ec2:ap-northeast-2:740320335608:route-table/rtb-084f67c0b193614bb",
            "id": "rtb-084f67c0b193614bb",
            "owner_id": "740320335608",
            "propagating_vgws": [],
            "route": [],
            "tags": {
              "Name": "terraform-cloudpipeline-demo"
            },
            "tags_all": {
              "Name": "terraform-cloudpipeline-demo"
            },
            "vpc_id": "vpc-029464e95c15f57b0"
          },
          "sensitive_attributes": [],
          "private": "bnVsbA==",
          "dependencies": [
            "module.vpc.aws_vpc.this",
            "module.vpc.aws_vpc_ipv4_cidr_block_association.this",
            "data.aws_availability_zones.available"
          ]
        },
        {
          "index_key": 2,
          "schema_version": 0,
          "attributes": {
            "arn": "arn:aws:ec2:ap-northeast-2:740320335608:route-table/rtb-067fe24f8dbd325a0",
            "id": "rtb-067fe24f8dbd325a0",
            "owner_id": "740320335608",
            "propagating_vgws": [],
            "route": [],
            "tags": {
              "Name": "terraform-cloudpipeline-demo"
            },
            "tags_all": {
              "Name": "terraform-cloudpipeline-demo"
            },
            "vpc_id": "vpc-029464e95c15f57b0"
          },
          "sensitive_attributes": [],
          "private": "bnVsbA==",
          "dependencies": [
            "data.aws_availability_zones.available",
            "module.vpc.aws_vpc.this",
            "module.vpc.aws_vpc_ipv4_cidr_block_association.this"
          ]
        }
      ]
    },
    {
      "module": "module.vpc",
      "mode": "managed",
      "type": "aws_route_table",
      "name": "public",
      "provider": "provider[\"registry.terraform.io/hashicorp/aws\"]",
      "instances": [
        {
          "index_key": 0,
          "schema_version": 0,
          "attributes": {
            "arn": "arn:aws:ec2:ap-northeast-2:740320335608:route-table/rtb-020e4d868d58c77e1",
            "id": "rtb-020e4d868d58c77e1",
            "owner_id": "740320335608",
            "propagating_vgws": [],
            "route": [
              {
                "carrier_gateway_id": "",
                "cidr_block": "0.0.0.0/0",
                "destination_prefix_list_id": "",
                "egress_only_gateway_id": "",
                "gateway_id": "igw-0de2ad26effd8bfa7",
                "instance_id": "",
                "ipv6_cidr_block": "",
                "local_gateway_id": "",
                "nat_gateway_id": "",
                "network_interface_id": "",
                "transit_gateway_id": "",
                "vpc_endpoint_id": "",
                "vpc_peering_connection_id": ""
              }
            ],
            "tags": {
              "Name": "terraform-cloudpipeline-demo"
            },
            "tags_all": {
              "Name": "terraform-cloudpipeline-demo"
            },
            "vpc_id": "vpc-029464e95c15f57b0"
          },
          "sensitive_attributes": [],
          "private": "bnVsbA==",
          "dependencies": [
            "module.vpc.aws_vpc.this",
            "module.vpc.aws_vpc_ipv4_cidr_block_association.this"
          ]
        }
      ]
    },
    {
      "module": "module.vpc",
      "mode": "managed",
      "type": "aws_route_table_association",
      "name": "private",
      "provider": "provider[\"registry.terraform.io/hashicorp/aws\"]",
      "instances": [
        {
          "index_key": 0,
          "schema_version": 0,
          "attributes": {
            "gateway_id": "",
            "id": "rtbassoc-087aa0a02af540089",
            "route_table_id": "rtb-0d762459d31998a50",
            "subnet_id": "subnet-010eb2564f9ca782b"
          },
          "sensitive_attributes": [],
          "private": "bnVsbA==",
          "dependencies": [
            "data.aws_availability_zones.available",
            "module.vpc.aws_route_table.private",
            "module.vpc.aws_subnet.private",
            "module.vpc.aws_vpc.this",
            "module.vpc.aws_vpc_ipv4_cidr_block_association.this"
          ]
        },
        {
          "index_key": 1,
          "schema_version": 0,
          "attributes": {
            "gateway_id": "",
            "id": "rtbassoc-06cc138594ee5ca89",
            "route_table_id": "rtb-084f67c0b193614bb",
            "subnet_id": "subnet-040bb97dfca39d9a4"
          },
          "sensitive_attributes": [],
          "private": "bnVsbA==",
          "dependencies": [
            "module.vpc.aws_vpc_ipv4_cidr_block_association.this",
            "data.aws_availability_zones.available",
            "module.vpc.aws_route_table.private",
            "module.vpc.aws_subnet.private",
            "module.vpc.aws_vpc.this"
          ]
        },
        {
          "index_key": 2,
          "schema_version": 0,
          "attributes": {
            "gateway_id": "",
            "id": "rtbassoc-0b4b827a8f2b42ab0",
            "route_table_id": "rtb-067fe24f8dbd325a0",
            "subnet_id": "subnet-00ff6b01f458009b6"
          },
          "sensitive_attributes": [],
          "private": "bnVsbA==",
          "dependencies": [
            "data.aws_availability_zones.available",
            "module.vpc.aws_route_table.private",
            "module.vpc.aws_subnet.private",
            "module.vpc.aws_vpc.this",
            "module.vpc.aws_vpc_ipv4_cidr_block_association.this"
          ]
        }
      ]
    },
    {
      "module": "module.vpc",
      "mode": "managed",
      "type": "aws_route_table_association",
      "name": "public",
      "provider": "provider[\"registry.terraform.io/hashicorp/aws\"]",
      "instances": [
        {
          "index_key": 0,
          "schema_version": 0,
          "attributes": {
            "gateway_id": "",
            "id": "rtbassoc-0abf1781f678dc64f",
            "route_table_id": "rtb-020e4d868d58c77e1",
            "subnet_id": "subnet-06fa7ddd4ea0c3b75"
          },
          "sensitive_attributes": [],
          "private": "bnVsbA==",
          "dependencies": [
            "data.aws_availability_zones.available",
            "module.vpc.aws_route_table.public",
            "module.vpc.aws_subnet.public",
            "module.vpc.aws_vpc.this",
            "module.vpc.aws_vpc_ipv4_cidr_block_association.this"
          ]
        },
        {
          "index_key": 1,
          "schema_version": 0,
          "attributes": {
            "gateway_id": "",
            "id": "rtbassoc-05d1c78f315766a3d",
            "route_table_id": "rtb-020e4d868d58c77e1",
            "subnet_id": "subnet-0a3e486f6e6f85d0e"
          },
          "sensitive_attributes": [],
          "private": "bnVsbA==",
          "dependencies": [
            "module.vpc.aws_vpc.this",
            "module.vpc.aws_vpc_ipv4_cidr_block_association.this",
            "data.aws_availability_zones.available",
            "module.vpc.aws_route_table.public",
            "module.vpc.aws_subnet.public"
          ]
        },
        {
          "index_key": 2,
          "schema_version": 0,
          "attributes": {
            "gateway_id": "",
            "id": "rtbassoc-00a3c53f842430776",
            "route_table_id": "rtb-020e4d868d58c77e1",
            "subnet_id": "subnet-05fcd81ecef59a990"
          },
          "sensitive_attributes": [],
          "private": "bnVsbA==",
          "dependencies": [
            "data.aws_availability_zones.available",
            "module.vpc.aws_route_table.public",
            "module.vpc.aws_subnet.public",
            "module.vpc.aws_vpc.this",
            "module.vpc.aws_vpc_ipv4_cidr_block_association.this"
          ]
        }
      ]
    },
    {
      "module": "module.vpc",
      "mode": "managed",
      "type": "aws_subnet",
      "name": "private",
      "provider": "provider[\"registry.terraform.io/hashicorp/aws\"]",
      "instances": [
        {
          "index_key": 0,
          "schema_version": 1,
          "attributes": {
            "arn": "arn:aws:ec2:ap-northeast-2:740320335608:subnet/subnet-010eb2564f9ca782b",
            "assign_ipv6_address_on_creation": false,
            "availability_zone": "ap-northeast-2a",
            "availability_zone_id": "apne2-az1",
            "cidr_block": "10.0.1.0/24",
            "customer_owned_ipv4_pool": "",
            "id": "subnet-010eb2564f9ca782b",
            "ipv6_cidr_block": "",
            "ipv6_cidr_block_association_id": "",
            "map_customer_owned_ip_on_launch": false,
            "map_public_ip_on_launch": false,
            "outpost_arn": "",
            "owner_id": "740320335608",
            "tags": {
              "Name": "terraform-cloudpipeline-demo"
            },
            "tags_all": {
              "Name": "terraform-cloudpipeline-demo"
            },
            "timeouts": null,
            "vpc_id": "vpc-029464e95c15f57b0"
          },
          "sensitive_attributes": [],
          "private": "eyJlMmJmYjczMC1lY2FhLTExZTYtOGY4OC0zNDM2M2JjN2M0YzAiOnsiY3JlYXRlIjo2MDAwMDAwMDAwMDAsImRlbGV0ZSI6MTIwMDAwMDAwMDAwMH0sInNjaGVtYV92ZXJzaW9uIjoiMSJ9",
          "dependencies": [
            "data.aws_availability_zones.available",
            "module.vpc.aws_vpc.this",
            "module.vpc.aws_vpc_ipv4_cidr_block_association.this"
          ]
        },
        {
          "index_key": 1,
          "schema_version": 1,
          "attributes": {
            "arn": "arn:aws:ec2:ap-northeast-2:740320335608:subnet/subnet-040bb97dfca39d9a4",
            "assign_ipv6_address_on_creation": false,
            "availability_zone": "ap-northeast-2b",
            "availability_zone_id": "apne2-az2",
            "cidr_block": "10.0.2.0/24",
            "customer_owned_ipv4_pool": "",
            "id": "subnet-040bb97dfca39d9a4",
            "ipv6_cidr_block": "",
            "ipv6_cidr_block_association_id": "",
            "map_customer_owned_ip_on_launch": false,
            "map_public_ip_on_launch": false,
            "outpost_arn": "",
            "owner_id": "740320335608",
            "tags": {
              "Name": "terraform-cloudpipeline-demo"
            },
            "tags_all": {
              "Name": "terraform-cloudpipeline-demo"
            },
            "timeouts": null,
            "vpc_id": "vpc-029464e95c15f57b0"
          },
          "sensitive_attributes": [],
          "private": "eyJlMmJmYjczMC1lY2FhLTExZTYtOGY4OC0zNDM2M2JjN2M0YzAiOnsiY3JlYXRlIjo2MDAwMDAwMDAwMDAsImRlbGV0ZSI6MTIwMDAwMDAwMDAwMH0sInNjaGVtYV92ZXJzaW9uIjoiMSJ9",
          "dependencies": [
            "module.vpc.aws_vpc_ipv4_cidr_block_association.this",
            "data.aws_availability_zones.available",
            "module.vpc.aws_vpc.this"
          ]
        },
        {
          "index_key": 2,
          "schema_version": 1,
          "attributes": {
            "arn": "arn:aws:ec2:ap-northeast-2:740320335608:subnet/subnet-00ff6b01f458009b6",
            "assign_ipv6_address_on_creation": false,
            "availability_zone": "ap-northeast-2c",
            "availability_zone_id": "apne2-az3",
            "cidr_block": "10.0.3.0/24",
            "customer_owned_ipv4_pool": "",
            "id": "subnet-00ff6b01f458009b6",
            "ipv6_cidr_block": "",
            "ipv6_cidr_block_association_id": "",
            "map_customer_owned_ip_on_launch": false,
            "map_public_ip_on_launch": false,
            "outpost_arn": "",
            "owner_id": "740320335608",
            "tags": {
              "Name": "terraform-cloudpipeline-demo"
            },
            "tags_all": {
              "Name": "terraform-cloudpipeline-demo"
            },
            "timeouts": null,
            "vpc_id": "vpc-029464e95c15f57b0"
          },
          "sensitive_attributes": [],
          "private": "eyJlMmJmYjczMC1lY2FhLTExZTYtOGY4OC0zNDM2M2JjN2M0YzAiOnsiY3JlYXRlIjo2MDAwMDAwMDAwMDAsImRlbGV0ZSI6MTIwMDAwMDAwMDAwMH0sInNjaGVtYV92ZXJzaW9uIjoiMSJ9",
          "dependencies": [
            "data.aws_availability_zones.available",
            "module.vpc.aws_vpc.this",
            "module.vpc.aws_vpc_ipv4_cidr_block_association.this"
          ]
        }
      ]
    },
    {
      "module": "module.vpc",
      "mode": "managed",
      "type": "aws_subnet",
      "name": "public",
      "provider": "provider[\"registry.terraform.io/hashicorp/aws\"]",
      "instances": [
        {
          "index_key": 0,
          "schema_version": 1,
          "attributes": {
            "arn": "arn:aws:ec2:ap-northeast-2:740320335608:subnet/subnet-06fa7ddd4ea0c3b75",
            "assign_ipv6_address_on_creation": false,
            "availability_zone": "ap-northeast-2a",
            "availability_zone_id": "apne2-az1",
            "cidr_block": "10.0.101.0/24",
            "customer_owned_ipv4_pool": "",
            "id": "subnet-06fa7ddd4ea0c3b75",
            "ipv6_cidr_block": "",
            "ipv6_cidr_block_association_id": "",
            "map_customer_owned_ip_on_launch": false,
            "map_public_ip_on_launch": true,
            "outpost_arn": "",
            "owner_id": "740320335608",
            "tags": {
              "Name": "terraform-cloudpipeline-demo"
            },
            "tags_all": {
              "Name": "terraform-cloudpipeline-demo"
            },
            "timeouts": null,
            "vpc_id": "vpc-029464e95c15f57b0"
          },
          "sensitive_attributes": [],
          "private": "eyJlMmJmYjczMC1lY2FhLTExZTYtOGY4OC0zNDM2M2JjN2M0YzAiOnsiY3JlYXRlIjo2MDAwMDAwMDAwMDAsImRlbGV0ZSI6MTIwMDAwMDAwMDAwMH0sInNjaGVtYV92ZXJzaW9uIjoiMSJ9",
          "dependencies": [
            "data.aws_availability_zones.available",
            "module.vpc.aws_vpc.this",
            "module.vpc.aws_vpc_ipv4_cidr_block_association.this"
          ]
        },
        {
          "index_key": 1,
          "schema_version": 1,
          "attributes": {
            "arn": "arn:aws:ec2:ap-northeast-2:740320335608:subnet/subnet-0a3e486f6e6f85d0e",
            "assign_ipv6_address_on_creation": false,
            "availability_zone": "ap-northeast-2b",
            "availability_zone_id": "apne2-az2",
            "cidr_block": "10.0.102.0/24",
            "customer_owned_ipv4_pool": "",
            "id": "subnet-0a3e486f6e6f85d0e",
            "ipv6_cidr_block": "",
            "ipv6_cidr_block_association_id": "",
            "map_customer_owned_ip_on_launch": false,
            "map_public_ip_on_launch": true,
            "outpost_arn": "",
            "owner_id": "740320335608",
            "tags": {
              "Name": "terraform-cloudpipeline-demo"
            },
            "tags_all": {
              "Name": "terraform-cloudpipeline-demo"
            },
            "timeouts": null,
            "vpc_id": "vpc-029464e95c15f57b0"
          },
          "sensitive_attributes": [],
          "private": "eyJlMmJmYjczMC1lY2FhLTExZTYtOGY4OC0zNDM2M2JjN2M0YzAiOnsiY3JlYXRlIjo2MDAwMDAwMDAwMDAsImRlbGV0ZSI6MTIwMDAwMDAwMDAwMH0sInNjaGVtYV92ZXJzaW9uIjoiMSJ9",
          "dependencies": [
            "module.vpc.aws_vpc.this",
            "module.vpc.aws_vpc_ipv4_cidr_block_association.this",
            "data.aws_availability_zones.available"
          ]
        },
        {
          "index_key": 2,
          "schema_version": 1,
          "attributes": {
            "arn": "arn:aws:ec2:ap-northeast-2:740320335608:subnet/subnet-05fcd81ecef59a990",
            "assign_ipv6_address_on_creation": false,
            "availability_zone": "ap-northeast-2c",
            "availability_zone_id": "apne2-az3",
            "cidr_block": "10.0.103.0/24",
            "customer_owned_ipv4_pool": "",
            "id": "subnet-05fcd81ecef59a990",
            "ipv6_cidr_block": "",
            "ipv6_cidr_block_association_id": "",
            "map_customer_owned_ip_on_launch": false,
            "map_public_ip_on_launch": true,
            "outpost_arn": "",
            "owner_id": "740320335608",
            "tags": {
              "Name": "terraform-cloudpipeline-demo"
            },
            "tags_all": {
              "Name": "terraform-cloudpipeline-demo"
            },
            "timeouts": null,
            "vpc_id": "vpc-029464e95c15f57b0"
          },
          "sensitive_attributes": [],
          "private": "eyJlMmJmYjczMC1lY2FhLTExZTYtOGY4OC0zNDM2M2JjN2M0YzAiOnsiY3JlYXRlIjo2MDAwMDAwMDAwMDAsImRlbGV0ZSI6MTIwMDAwMDAwMDAwMH0sInNjaGVtYV92ZXJzaW9uIjoiMSJ9",
          "dependencies": [
            "data.aws_availability_zones.available",
            "module.vpc.aws_vpc.this",
            "module.vpc.aws_vpc_ipv4_cidr_block_association.this"
          ]
        }
      ]
    },
    {
      "module": "module.vpc",
      "mode": "managed",
      "type": "aws_vpc",
      "name": "this",
      "provider": "provider[\"registry.terraform.io/hashicorp/aws\"]",
      "instances": [
        {
          "index_key": 0,
          "schema_version": 1,
          "attributes": {
            "arn": "arn:aws:ec2:ap-northeast-2:740320335608:vpc/vpc-029464e95c15f57b0",
            "assign_generated_ipv6_cidr_block": false,
            "cidr_block": "10.0.0.0/16",
            "default_network_acl_id": "acl-09d9cd37b77dcfc0f",
            "default_route_table_id": "rtb-037ac49d6b8474886",
            "default_security_group_id": "sg-01f1ddb59da728d3f",
            "dhcp_options_id": "dopt-2700414c",
            "enable_classiclink": null,
            "enable_classiclink_dns_support": null,
            "enable_dns_hostnames": false,
            "enable_dns_support": true,
            "id": "vpc-029464e95c15f57b0",
            "instance_tenancy": "default",
            "ipv6_association_id": "",
            "ipv6_cidr_block": "",
            "main_route_table_id": "rtb-037ac49d6b8474886",
            "owner_id": "740320335608",
            "tags": {
              "Name": "terraform-cloudpipeline-demo"
            },
            "tags_all": {
              "Name": "terraform-cloudpipeline-demo"
            }
          },
          "sensitive_attributes": [],
          "private": "eyJzY2hlbWFfdmVyc2lvbiI6IjEifQ=="
        }
      ]
    }
  ]
}
